// !$*UTF8*$!
{
	archiveVersion = 1;
	classes = {
	};
	objectVersion = 46;
	objects = {
/* Begin PBXBuildFile section */
		00C302E51ABCBA2D00DB3ED1 /* libRCTActionSheet.a in Frameworks */ = {isa = PBXBuildFile; fileRef = 00C302AC1ABCB8CE00DB3ED1 /* libRCTActionSheet.a */; };
		00C302E71ABCBA2D00DB3ED1 /* libRCTGeolocation.a in Frameworks */ = {isa = PBXBuildFile; fileRef = 00C302BA1ABCB90400DB3ED1 /* libRCTGeolocation.a */; };
		00C302E81ABCBA2D00DB3ED1 /* libRCTImage.a in Frameworks */ = {isa = PBXBuildFile; fileRef = 00C302C01ABCB91800DB3ED1 /* libRCTImage.a */; };
		00C302E91ABCBA2D00DB3ED1 /* libRCTNetwork.a in Frameworks */ = {isa = PBXBuildFile; fileRef = 00C302DC1ABCB9D200DB3ED1 /* libRCTNetwork.a */; };
		00C302EA1ABCBA2D00DB3ED1 /* libRCTVibration.a in Frameworks */ = {isa = PBXBuildFile; fileRef = 00C302E41ABCB9EE00DB3ED1 /* libRCTVibration.a */; };
		00E356F31AD99517003FC87E /* nizamiRNTests.m in Sources */ = {isa = PBXBuildFile; fileRef = 00E356F21AD99517003FC87E /* nizamiRNTests.m */; };
		133E29F31AD74F7200F7D852 /* libRCTLinking.a in Frameworks */ = {isa = PBXBuildFile; fileRef = 78C398B91ACF4ADC00677621 /* libRCTLinking.a */; };
		139105C61AF99C1200B5F7CC /* libRCTSettings.a in Frameworks */ = {isa = PBXBuildFile; fileRef = 139105C11AF99BAD00B5F7CC /* libRCTSettings.a */; };
		139FDEF61B0652A700C62182 /* libRCTWebSocket.a in Frameworks */ = {isa = PBXBuildFile; fileRef = 139FDEF41B06529B00C62182 /* libRCTWebSocket.a */; };
		13B07FBC1A68108700A75B9A /* AppDelegate.m in Sources */ = {isa = PBXBuildFile; fileRef = 13B07FB01A68108700A75B9A /* AppDelegate.m */; };
		13B07FBD1A68108700A75B9A /* LaunchScreen.xib in Resources */ = {isa = PBXBuildFile; fileRef = 13B07FB11A68108700A75B9A /* LaunchScreen.xib */; };
		13B07FBF1A68108700A75B9A /* Images.xcassets in Resources */ = {isa = PBXBuildFile; fileRef = 13B07FB51A68108700A75B9A /* Images.xcassets */; };
		13B07FC11A68108700A75B9A /* main.m in Sources */ = {isa = PBXBuildFile; fileRef = 13B07FB71A68108700A75B9A /* main.m */; };
		140ED2AC1D01E1AD002B40FF /* libReact.a in Frameworks */ = {isa = PBXBuildFile; fileRef = 146834041AC3E56700842450 /* libReact.a */; };
		146834051AC3E58100842450 /* libReact.a in Frameworks */ = {isa = PBXBuildFile; fileRef = 146834041AC3E56700842450 /* libReact.a */; };
		2D02E4BC1E0B4A80006451C7 /* AppDelegate.m in Sources */ = {isa = PBXBuildFile; fileRef = 13B07FB01A68108700A75B9A /* AppDelegate.m */; };
		2D02E4BD1E0B4A84006451C7 /* Images.xcassets in Resources */ = {isa = PBXBuildFile; fileRef = 13B07FB51A68108700A75B9A /* Images.xcassets */; };
		2D02E4BF1E0B4AB3006451C7 /* main.m in Sources */ = {isa = PBXBuildFile; fileRef = 13B07FB71A68108700A75B9A /* main.m */; };
		2D02E4C21E0B4AEC006451C7 /* libRCTAnimation.a in Frameworks */ = {isa = PBXBuildFile; fileRef = 5E9157351DD0AC6500FF2AA8 /* libRCTAnimation.a */; };
		2D02E4C31E0B4AEC006451C7 /* libRCTImage-tvOS.a in Frameworks */ = {isa = PBXBuildFile; fileRef = 3DAD3E841DF850E9000B6D8A /* libRCTImage-tvOS.a */; };
		2D02E4C41E0B4AEC006451C7 /* libRCTLinking-tvOS.a in Frameworks */ = {isa = PBXBuildFile; fileRef = 3DAD3E881DF850E9000B6D8A /* libRCTLinking-tvOS.a */; };
		2D02E4C51E0B4AEC006451C7 /* libRCTNetwork-tvOS.a in Frameworks */ = {isa = PBXBuildFile; fileRef = 3DAD3E8C1DF850E9000B6D8A /* libRCTNetwork-tvOS.a */; };
		2D02E4C61E0B4AEC006451C7 /* libRCTSettings-tvOS.a in Frameworks */ = {isa = PBXBuildFile; fileRef = 3DAD3E901DF850E9000B6D8A /* libRCTSettings-tvOS.a */; };
		2D02E4C71E0B4AEC006451C7 /* libRCTText-tvOS.a in Frameworks */ = {isa = PBXBuildFile; fileRef = 3DAD3E941DF850E9000B6D8A /* libRCTText-tvOS.a */; };
		2D02E4C81E0B4AEC006451C7 /* libRCTWebSocket-tvOS.a in Frameworks */ = {isa = PBXBuildFile; fileRef = 3DAD3E991DF850E9000B6D8A /* libRCTWebSocket-tvOS.a */; };
		2D16E6881FA4F8E400B85C8A /* libReact.a in Frameworks */ = {isa = PBXBuildFile; fileRef = 2D16E6891FA4F8E400B85C8A /* libReact.a */; };
		2DCD954D1E0B4F2C00145EB5 /* nizamiRNTests.m in Sources */ = {isa = PBXBuildFile; fileRef = 00E356F21AD99517003FC87E /* nizamiRNTests.m */; };
		2DF0FFEE2056DD460020B375 /* libReact.a in Frameworks */ = {isa = PBXBuildFile; fileRef = 3DAD3EA31DF850E9000B6D8A /* libReact.a */; };
		5E9157361DD0AC6A00FF2AA8 /* libRCTAnimation.a in Frameworks */ = {isa = PBXBuildFile; fileRef = 5E9157331DD0AC6500FF2AA8 /* libRCTAnimation.a */; };
		832341BD1AAA6AB300B99B32 /* libRCTText.a in Frameworks */ = {isa = PBXBuildFile; fileRef = 832341B51AAA6A8300B99B32 /* libRCTText.a */; };
		ADBDB9381DFEBF1600ED6528 /* libRCTBlob.a in Frameworks */ = {isa = PBXBuildFile; fileRef = ADBDB9271DFEBF0700ED6528 /* libRCTBlob.a */; };
		14591EB7BE1F405391989CCB /* Anglecia-Pro-Display.otf in Resources */ = {isa = PBXBuildFile; fileRef = EC2ED5EDFE5D4E26BC9C60AF /* Anglecia-Pro-Display.otf */; };
		B6168E8D269346B589168365 /* Aileron-Black.otf in Resources */ = {isa = PBXBuildFile; fileRef = AF299560EBF74868ACF57926 /* Aileron-Black.otf */; };
		33B232B0670D4A4DA35831FC /* Aileron-BlackItalic.otf in Resources */ = {isa = PBXBuildFile; fileRef = 62C650284CDD44748D717100 /* Aileron-BlackItalic.otf */; };
		C5BC3A1CFDA0419BAF8627EC /* Aileron-Bold.otf in Resources */ = {isa = PBXBuildFile; fileRef = EE09C25A487C433386D2120F /* Aileron-Bold.otf */; };
		3FD3EAA9C65842458C11F27E /* Aileron-BoldItalic.otf in Resources */ = {isa = PBXBuildFile; fileRef = 90C54C273C5E4A51AF421F13 /* Aileron-BoldItalic.otf */; };
		DB45D31644FF4DE5B111FBAE /* Aileron-Heavy.otf in Resources */ = {isa = PBXBuildFile; fileRef = 8975C075A4EC4291AD1D54BF /* Aileron-Heavy.otf */; };
		DCB9B15D943A42ECB7257CDA /* Aileron-HeavyItalic.otf in Resources */ = {isa = PBXBuildFile; fileRef = 66331476DCD04EE6B0E86993 /* Aileron-HeavyItalic.otf */; };
		EB7C6BF7A89F4ADF93446F9F /* Aileron-Italic.otf in Resources */ = {isa = PBXBuildFile; fileRef = 10480E554E364E879729B54C /* Aileron-Italic.otf */; };
		6A648E887C3D46648DFF17EA /* Aileron-Light.otf in Resources */ = {isa = PBXBuildFile; fileRef = 478EC310C3364930B189A23E /* Aileron-Light.otf */; };
		30ED1596DA7C4F58BE3722D7 /* Aileron-LightItalic.otf in Resources */ = {isa = PBXBuildFile; fileRef = FB70C3119B9542E294B41B29 /* Aileron-LightItalic.otf */; };
		434DD930A0FF4771BA8886F7 /* Aileron-Regular.otf in Resources */ = {isa = PBXBuildFile; fileRef = AC0E7C309E764B9185FC8C08 /* Aileron-Regular.otf */; };
		63A362A5E1C147D3A2478814 /* Aileron-SemiBold.otf in Resources */ = {isa = PBXBuildFile; fileRef = 628D7E7E04654F9DB66743CC /* Aileron-SemiBold.otf */; };
		2A87C907FED940EBA1D6B77A /* Aileron-SemiBoldItalic.otf in Resources */ = {isa = PBXBuildFile; fileRef = 50F42ABFAC3A45088313F1C2 /* Aileron-SemiBoldItalic.otf */; };
		3F0457A2B3C146A79966FC07 /* Aileron-Thin.otf in Resources */ = {isa = PBXBuildFile; fileRef = DF4F184EDF1E468F979DB3BC /* Aileron-Thin.otf */; };
		F75D280249A9487091F15756 /* Aileron-ThinItalic.otf in Resources */ = {isa = PBXBuildFile; fileRef = FD6D3AEADF4A4CA8B6A75A44 /* Aileron-ThinItalic.otf */; };
		EE5321EDCE834A6F89AD1B7F /* Aileron-UltraLight.otf in Resources */ = {isa = PBXBuildFile; fileRef = 8F7DE3244CD34E2AA189EDF2 /* Aileron-UltraLight.otf */; };
		00168915BDDA4915B43D3496 /* Aileron-UltraLightItalic.otf in Resources */ = {isa = PBXBuildFile; fileRef = D30D7945471149C59FDA334D /* Aileron-UltraLightItalic.otf */; };
		5F3E39FA1A7F4B6FB63D0E5D /* Gotham Condensed Black.otf in Resources */ = {isa = PBXBuildFile; fileRef = 72F73E56D29A46CC832FC506 /* Gotham Condensed Black.otf */; };
		FC0C39A777C240D5AA117A41 /* Gotham Condensed Bold.otf in Resources */ = {isa = PBXBuildFile; fileRef = A0A12AFEEEB14972933643E3 /* Gotham Condensed Bold.otf */; };
		7E96009041BE421F9D5B312A /* Gotham Condensed Book.otf in Resources */ = {isa = PBXBuildFile; fileRef = FB74E0B896384015972B3104 /* Gotham Condensed Book.otf */; };
		076363D538854DF9AB220E55 /* Gotham Condensed Light.otf in Resources */ = {isa = PBXBuildFile; fileRef = B3A6BCC128124A15B5D92F6A /* Gotham Condensed Light.otf */; };
		47FACD2DF6EA4B74BFCD5C39 /* Gotham Condensed Medium.otf in Resources */ = {isa = PBXBuildFile; fileRef = A9028C0B99C94DEBB38856A7 /* Gotham Condensed Medium.otf */; };
		94309ED1FFBD4CA6ACB561D4 /* Gotham Condensed Thin.otf in Resources */ = {isa = PBXBuildFile; fileRef = 3B88086B143B43F0A5D0A0B4 /* Gotham Condensed Thin.otf */; };
		63D106916ED04F398D713564 /* Gotham Condensed Ultra.otf in Resources */ = {isa = PBXBuildFile; fileRef = D2B4B25B6B9143C39790A1CF /* Gotham Condensed Ultra.otf */; };
		DC7EE7EF72544BD081BEF1AC /* Gotham Condensed XLight.otf in Resources */ = {isa = PBXBuildFile; fileRef = 11791A49E6C5460DA75C51F9 /* Gotham Condensed XLight.otf */; };
		59FFD203A2B8435EAEE974B5 /* Gotham XNarrow Black.otf in Resources */ = {isa = PBXBuildFile; fileRef = 061EDE4565B247CD9048050C /* Gotham XNarrow Black.otf */; };
		5B33E858E49A405EAD1B2F55 /* Gotham XNarrow Bold.otf in Resources */ = {isa = PBXBuildFile; fileRef = AC5F620EF90D4380894317BF /* Gotham XNarrow Bold.otf */; };
		AA44756EBA4B4C5E96C17675 /* Gotham XNarrow Book.otf in Resources */ = {isa = PBXBuildFile; fileRef = CCAAF78C1A8D4AECBEF4C8C0 /* Gotham XNarrow Book.otf */; };
		C7A6141161044C44BDCEF826 /* Gotham XNarrow Light.otf in Resources */ = {isa = PBXBuildFile; fileRef = 84C1F5A420704FF58A5E9395 /* Gotham XNarrow Light.otf */; };
		ED5A9B2F623F40C3A8A6871B /* Gotham XNarrow Medium.otf in Resources */ = {isa = PBXBuildFile; fileRef = 8039649063CF4AA6ABF2ED7C /* Gotham XNarrow Medium.otf */; };
		928499249F994518B1F351D0 /* Gotham XNarrow Thin.otf in Resources */ = {isa = PBXBuildFile; fileRef = C26C0B8B01D947E48C883D8A /* Gotham XNarrow Thin.otf */; };
		22388F87CBC54236A2745BC3 /* Gotham XNarrow Ultra.otf in Resources */ = {isa = PBXBuildFile; fileRef = 639D4AACA6924725AF4582CE /* Gotham XNarrow Ultra.otf */; };
		E42AD18DD1B8481EAB19E8C7 /* Gotham XNarrow XLight.otf in Resources */ = {isa = PBXBuildFile; fileRef = 40A09003A2374FB39276E56B /* Gotham XNarrow XLight.otf */; };
		A14D7534DB354E91830C3D27 /* GothamNarrow-Bold.otf in Resources */ = {isa = PBXBuildFile; fileRef = C0AC1949AAAD49FD8934A261 /* GothamNarrow-Bold.otf */; };
		B897F358A3084595B03BA8C1 /* GothamNarrow-Book.otf in Resources */ = {isa = PBXBuildFile; fileRef = 43802F6EA6DD4670842B6CD6 /* GothamNarrow-Book.otf */; };
		1DDBCF123D554D13809550BF /* GothamNarrow-Light.otf in Resources */ = {isa = PBXBuildFile; fileRef = C3D5B1677D24490C939B5924 /* GothamNarrow-Light.otf */; };
		9BD76E98ED2E4DD9BD2985C0 /* GothamNarrow-Thin.otf in Resources */ = {isa = PBXBuildFile; fileRef = B51D18C4BDEF4F8AABE19816 /* GothamNarrow-Thin.otf */; };
		D0473686605C4026A532F838 /* Gotham Narrow Black.otf in Resources */ = {isa = PBXBuildFile; fileRef = EC131F1B6B7E4F5C9F0F1921 /* Gotham Narrow Black.otf */; };
		3ECB78E52D884C49830E6CCD /* Gotham Narrow Bold.otf in Resources */ = {isa = PBXBuildFile; fileRef = 9703688510F34858B551DE16 /* Gotham Narrow Bold.otf */; };
		7F134CDF131D4AE29F3E1229 /* Gotham Narrow Book.otf in Resources */ = {isa = PBXBuildFile; fileRef = DCD25155673A4B45988E0272 /* Gotham Narrow Book.otf */; };
		D736A42C0C134920B894A1D3 /* Gotham Narrow Light.otf in Resources */ = {isa = PBXBuildFile; fileRef = 2D1FD4EFDDF64A87BF7A3FA3 /* Gotham Narrow Light.otf */; };
		AE26178364A74EBA8983D180 /* Gotham Narrow Medium.otf in Resources */ = {isa = PBXBuildFile; fileRef = 5673034469654A9DB40D18F4 /* Gotham Narrow Medium.otf */; };
		E28F13E5590E4B0D89156656 /* Gotham Narrow Thin.otf in Resources */ = {isa = PBXBuildFile; fileRef = E2681EFE6BCF40C08FE7AEFD /* Gotham Narrow Thin.otf */; };
		5AB4652777AC430C9BD9F5D1 /* Gotham Narrow Ultra.otf in Resources */ = {isa = PBXBuildFile; fileRef = 89E2C70A78654C6AA76BA376 /* Gotham Narrow Ultra.otf */; };
		D0E80041086E4ACE8EB64B81 /* Gotham Narrow XLight.otf in Resources */ = {isa = PBXBuildFile; fileRef = 738811D6F7A74F4CA5731ACF /* Gotham Narrow XLight.otf */; };
		F62BACCFDA574B938A3559F8 /* Gotham Black.otf in Resources */ = {isa = PBXBuildFile; fileRef = CC6F72E2CF7B411380A42D21 /* Gotham Black.otf */; };
		46A722D179C4432DBECC1D91 /* Gotham Bold.otf in Resources */ = {isa = PBXBuildFile; fileRef = 5F627363BA9943FDB416B969 /* Gotham Bold.otf */; };
		9AFD5EE3158249BE921DE3D2 /* Gotham Book.otf in Resources */ = {isa = PBXBuildFile; fileRef = 045DFF4011F14904B986B1B4 /* Gotham Book.otf */; };
		B946C3B91CC043CFB0B204D5 /* Gotham Light.otf in Resources */ = {isa = PBXBuildFile; fileRef = 844DDDFF860847D487FCABE6 /* Gotham Light.otf */; };
		756587BC706648519A2F0BC1 /* Gotham Medium.otf in Resources */ = {isa = PBXBuildFile; fileRef = 0CD7430E084D4A5AB7C22D72 /* Gotham Medium.otf */; };
		51BD39EA9D6B482CA3ED97EE /* Gotham Thin.otf in Resources */ = {isa = PBXBuildFile; fileRef = D8A3ADB797A141C7820CF623 /* Gotham Thin.otf */; };
		ECDD9785FE8144528789C470 /* Gotham Ultra.otf in Resources */ = {isa = PBXBuildFile; fileRef = 3326376E36D9406FB5E63E52 /* Gotham Ultra.otf */; };
		4667A5FA0DBB4BF8975FAED1 /* Gotham XLight.otf in Resources */ = {isa = PBXBuildFile; fileRef = E41509090CBC4A8F99E5862C /* Gotham XLight.otf */; };
		E478E7442C864A7483F246BE /* ArialNU.otf in Resources */ = {isa = PBXBuildFile; fileRef = ECECAE7981D14E1590610E1B /* ArialNU.otf */; };
		655D650A96C94E83B88ACA4E /* Antonio-Bold.otf in Resources */ = {isa = PBXBuildFile; fileRef = 1E8BD5E4E82D47AAA7439B11 /* Antonio-Bold.otf */; };
		C23444F19E37494889002BB8 /* Antonio-Light.otf in Resources */ = {isa = PBXBuildFile; fileRef = 73B2BE7ED0AA4EEEB78CA3CD /* Antonio-Light.otf */; };
		1098E11A7CEB436BA01CE1AE /* Antonio-Regular.otf in Resources */ = {isa = PBXBuildFile; fileRef = 54C6F071DAE04334A676BFB3 /* Antonio-Regular.otf */; };
		48ABB28B289F4AB4A8E969BA /* Antonio_bold.otf in Resources */ = {isa = PBXBuildFile; fileRef = 421274D8673643789E49C5DC /* Antonio_bold.otf */; };
		B9090A25BF0E48C6AB67CCB2 /* Antonio_light.otf in Resources */ = {isa = PBXBuildFile; fileRef = 83FD863A9F2A406CB394F84B /* Antonio_light.otf */; };
		435346E02C5C49B29A0FFED1 /* Antonio.otf in Resources */ = {isa = PBXBuildFile; fileRef = D8CAC7740C1C4D39B6AF0402 /* Antonio.otf */; };
		3C2F2CF4D2C74EC2A206F398 /* DINPro-Bold.ttf in Resources */ = {isa = PBXBuildFile; fileRef = FB150880B75A4EE4956E903A /* DINPro-Bold.ttf */; };
		DB7E31A3B0844EBE9B24443B /* DINPro-Medium.ttf in Resources */ = {isa = PBXBuildFile; fileRef = 8524BD934FDA4C74B277D9CD /* DINPro-Medium.ttf */; };
		756B78EA6C76484AABC564ED /* DINPro.ttf in Resources */ = {isa = PBXBuildFile; fileRef = 8F889285881849B39AD35DE3 /* DINPro.ttf */; };
		9FD41D0F260248ED80068FFB /* DINPro_bold.ttf in Resources */ = {isa = PBXBuildFile; fileRef = A2418B09A2D2409184A19E27 /* DINPro_bold.ttf */; };
		1852581C1AC74BEAAC3533F1 /* DINPro_medium.ttf in Resources */ = {isa = PBXBuildFile; fileRef = 4E5C234D93AD45C58FD6111A /* DINPro_medium.ttf */; };
/* End PBXBuildFile section */

/* Begin PBXContainerItemProxy section */
		00C302AB1ABCB8CE00DB3ED1 /* PBXContainerItemProxy */ = {
			isa = PBXContainerItemProxy;
			containerPortal = 00C302A71ABCB8CE00DB3ED1 /* RCTActionSheet.xcodeproj */;
			proxyType = 2;
			remoteGlobalIDString = 134814201AA4EA6300B7C361;
			remoteInfo = RCTActionSheet;
		};
		00C302B91ABCB90400DB3ED1 /* PBXContainerItemProxy */ = {
			isa = PBXContainerItemProxy;
			containerPortal = 00C302B51ABCB90400DB3ED1 /* RCTGeolocation.xcodeproj */;
			proxyType = 2;
			remoteGlobalIDString = 134814201AA4EA6300B7C361;
			remoteInfo = RCTGeolocation;
		};
		00C302BF1ABCB91800DB3ED1 /* PBXContainerItemProxy */ = {
			isa = PBXContainerItemProxy;
			containerPortal = 00C302BB1ABCB91800DB3ED1 /* RCTImage.xcodeproj */;
			proxyType = 2;
			remoteGlobalIDString = 58B5115D1A9E6B3D00147676;
			remoteInfo = RCTImage;
		};
		00C302DB1ABCB9D200DB3ED1 /* PBXContainerItemProxy */ = {
			isa = PBXContainerItemProxy;
			containerPortal = 00C302D31ABCB9D200DB3ED1 /* RCTNetwork.xcodeproj */;
			proxyType = 2;
			remoteGlobalIDString = 58B511DB1A9E6C8500147676;
			remoteInfo = RCTNetwork;
		};
		00C302E31ABCB9EE00DB3ED1 /* PBXContainerItemProxy */ = {
			isa = PBXContainerItemProxy;
			containerPortal = 00C302DF1ABCB9EE00DB3ED1 /* RCTVibration.xcodeproj */;
			proxyType = 2;
			remoteGlobalIDString = 832C81801AAF6DEF007FA2F7;
			remoteInfo = RCTVibration;
		};
		00E356F41AD99517003FC87E /* PBXContainerItemProxy */ = {
			isa = PBXContainerItemProxy;
			containerPortal = 83CBB9F71A601CBA00E9B192 /* Project object */;
			proxyType = 1;
			remoteGlobalIDString = 13B07F861A680F5B00A75B9A;
			remoteInfo = nizamiRN;
		};
		139105C01AF99BAD00B5F7CC /* PBXContainerItemProxy */ = {
			isa = PBXContainerItemProxy;
			containerPortal = 139105B61AF99BAD00B5F7CC /* RCTSettings.xcodeproj */;
			proxyType = 2;
			remoteGlobalIDString = 134814201AA4EA6300B7C361;
			remoteInfo = RCTSettings;
		};
		139FDEF31B06529B00C62182 /* PBXContainerItemProxy */ = {
			isa = PBXContainerItemProxy;
			containerPortal = 139FDEE61B06529A00C62182 /* RCTWebSocket.xcodeproj */;
			proxyType = 2;
			remoteGlobalIDString = 3C86DF461ADF2C930047B81A;
			remoteInfo = RCTWebSocket;
		};
		146834031AC3E56700842450 /* PBXContainerItemProxy */ = {
			isa = PBXContainerItemProxy;
			containerPortal = 146833FF1AC3E56700842450 /* React.xcodeproj */;
			proxyType = 2;
			remoteGlobalIDString = 83CBBA2E1A601D0E00E9B192;
			remoteInfo = React;
		};
		2D02E4911E0B4A5D006451C7 /* PBXContainerItemProxy */ = {
			isa = PBXContainerItemProxy;
			containerPortal = 83CBB9F71A601CBA00E9B192 /* Project object */;
			proxyType = 1;
			remoteGlobalIDString = 2D02E47A1E0B4A5D006451C7;
			remoteInfo = "nizamiRN-tvOS";
		};
		2D16E6711FA4F8DC00B85C8A /* PBXContainerItemProxy */ = {
			isa = PBXContainerItemProxy;
			containerPortal = ADBDB91F1DFEBF0600ED6528 /* RCTBlob.xcodeproj */;
			proxyType = 2;
			remoteGlobalIDString = ADD01A681E09402E00F6D226;
			remoteInfo = "RCTBlob-tvOS";
		};
		2D16E6831FA4F8DC00B85C8A /* PBXContainerItemProxy */ = {
			isa = PBXContainerItemProxy;
			containerPortal = 139FDEE61B06529A00C62182 /* RCTWebSocket.xcodeproj */;
			proxyType = 2;
			remoteGlobalIDString = 3DBE0D001F3B181A0099AA32;
			remoteInfo = fishhook;
		};
		2D16E6851FA4F8DC00B85C8A /* PBXContainerItemProxy */ = {
			isa = PBXContainerItemProxy;
			containerPortal = 139FDEE61B06529A00C62182 /* RCTWebSocket.xcodeproj */;
			proxyType = 2;
			remoteGlobalIDString = 3DBE0D0D1F3B181C0099AA32;
			remoteInfo = "fishhook-tvOS";
		};
		2DF0FFDE2056DD460020B375 /* PBXContainerItemProxy */ = {
			isa = PBXContainerItemProxy;
			containerPortal = 146833FF1AC3E56700842450 /* React.xcodeproj */;
			proxyType = 2;
			remoteGlobalIDString = EBF21BDC1FC498900052F4D5;
			remoteInfo = jsinspector;
		};
		2DF0FFE02056DD460020B375 /* PBXContainerItemProxy */ = {
			isa = PBXContainerItemProxy;
			containerPortal = 146833FF1AC3E56700842450 /* React.xcodeproj */;
			proxyType = 2;
			remoteGlobalIDString = EBF21BFA1FC4989A0052F4D5;
			remoteInfo = "jsinspector-tvOS";
		};
		2DF0FFE22056DD460020B375 /* PBXContainerItemProxy */ = {
			isa = PBXContainerItemProxy;
			containerPortal = 146833FF1AC3E56700842450 /* React.xcodeproj */;
			proxyType = 2;
			remoteGlobalIDString = 139D7ECE1E25DB7D00323FB7;
			remoteInfo = "third-party";
		};
		2DF0FFE42056DD460020B375 /* PBXContainerItemProxy */ = {
			isa = PBXContainerItemProxy;
			containerPortal = 146833FF1AC3E56700842450 /* React.xcodeproj */;
			proxyType = 2;
			remoteGlobalIDString = 3D383D3C1EBD27B6005632C8;
			remoteInfo = "third-party-tvOS";
		};
		2DF0FFE62056DD460020B375 /* PBXContainerItemProxy */ = {
			isa = PBXContainerItemProxy;
			containerPortal = 146833FF1AC3E56700842450 /* React.xcodeproj */;
			proxyType = 2;
			remoteGlobalIDString = 139D7E881E25C6D100323FB7;
			remoteInfo = "double-conversion";
		};
		2DF0FFE82056DD460020B375 /* PBXContainerItemProxy */ = {
			isa = PBXContainerItemProxy;
			containerPortal = 146833FF1AC3E56700842450 /* React.xcodeproj */;
			proxyType = 2;
			remoteGlobalIDString = 3D383D621EBD27B9005632C8;
			remoteInfo = "double-conversion-tvOS";
		};
		2DF0FFEA2056DD460020B375 /* PBXContainerItemProxy */ = {
			isa = PBXContainerItemProxy;
			containerPortal = 146833FF1AC3E56700842450 /* React.xcodeproj */;
			proxyType = 2;
			remoteGlobalIDString = 9936F3131F5F2E4B0010BF04;
			remoteInfo = privatedata;
		};
		2DF0FFEC2056DD460020B375 /* PBXContainerItemProxy */ = {
			isa = PBXContainerItemProxy;
			containerPortal = 146833FF1AC3E56700842450 /* React.xcodeproj */;
			proxyType = 2;
			remoteGlobalIDString = 9936F32F1F5F2E5B0010BF04;
			remoteInfo = "privatedata-tvOS";
		};
		3DAD3E831DF850E9000B6D8A /* PBXContainerItemProxy */ = {
			isa = PBXContainerItemProxy;
			containerPortal = 00C302BB1ABCB91800DB3ED1 /* RCTImage.xcodeproj */;
			proxyType = 2;
			remoteGlobalIDString = 2D2A283A1D9B042B00D4039D;
			remoteInfo = "RCTImage-tvOS";
		};
		3DAD3E871DF850E9000B6D8A /* PBXContainerItemProxy */ = {
			isa = PBXContainerItemProxy;
			containerPortal = 78C398B01ACF4ADC00677621 /* RCTLinking.xcodeproj */;
			proxyType = 2;
			remoteGlobalIDString = 2D2A28471D9B043800D4039D;
			remoteInfo = "RCTLinking-tvOS";
		};
		3DAD3E8B1DF850E9000B6D8A /* PBXContainerItemProxy */ = {
			isa = PBXContainerItemProxy;
			containerPortal = 00C302D31ABCB9D200DB3ED1 /* RCTNetwork.xcodeproj */;
			proxyType = 2;
			remoteGlobalIDString = 2D2A28541D9B044C00D4039D;
			remoteInfo = "RCTNetwork-tvOS";
		};
		3DAD3E8F1DF850E9000B6D8A /* PBXContainerItemProxy */ = {
			isa = PBXContainerItemProxy;
			containerPortal = 139105B61AF99BAD00B5F7CC /* RCTSettings.xcodeproj */;
			proxyType = 2;
			remoteGlobalIDString = 2D2A28611D9B046600D4039D;
			remoteInfo = "RCTSettings-tvOS";
		};
		3DAD3E931DF850E9000B6D8A /* PBXContainerItemProxy */ = {
			isa = PBXContainerItemProxy;
			containerPortal = 832341B01AAA6A8300B99B32 /* RCTText.xcodeproj */;
			proxyType = 2;
			remoteGlobalIDString = 2D2A287B1D9B048500D4039D;
			remoteInfo = "RCTText-tvOS";
		};
		3DAD3E981DF850E9000B6D8A /* PBXContainerItemProxy */ = {
			isa = PBXContainerItemProxy;
			containerPortal = 139FDEE61B06529A00C62182 /* RCTWebSocket.xcodeproj */;
			proxyType = 2;
			remoteGlobalIDString = 2D2A28881D9B049200D4039D;
			remoteInfo = "RCTWebSocket-tvOS";
		};
		3DAD3EA21DF850E9000B6D8A /* PBXContainerItemProxy */ = {
			isa = PBXContainerItemProxy;
			containerPortal = 146833FF1AC3E56700842450 /* React.xcodeproj */;
			proxyType = 2;
			remoteGlobalIDString = 2D2A28131D9B038B00D4039D;
			remoteInfo = "React-tvOS";
		};
		3DAD3EA41DF850E9000B6D8A /* PBXContainerItemProxy */ = {
			isa = PBXContainerItemProxy;
			containerPortal = 146833FF1AC3E56700842450 /* React.xcodeproj */;
			proxyType = 2;
			remoteGlobalIDString = 3D3C059A1DE3340900C268FA;
			remoteInfo = yoga;
		};
		3DAD3EA61DF850E9000B6D8A /* PBXContainerItemProxy */ = {
			isa = PBXContainerItemProxy;
			containerPortal = 146833FF1AC3E56700842450 /* React.xcodeproj */;
			proxyType = 2;
			remoteGlobalIDString = 3D3C06751DE3340C00C268FA;
			remoteInfo = "yoga-tvOS";
		};
		3DAD3EA81DF850E9000B6D8A /* PBXContainerItemProxy */ = {
			isa = PBXContainerItemProxy;
			containerPortal = 146833FF1AC3E56700842450 /* React.xcodeproj */;
			proxyType = 2;
			remoteGlobalIDString = 3D3CD9251DE5FBEC00167DC4;
			remoteInfo = cxxreact;
		};
		3DAD3EAA1DF850E9000B6D8A /* PBXContainerItemProxy */ = {
			isa = PBXContainerItemProxy;
			containerPortal = 146833FF1AC3E56700842450 /* React.xcodeproj */;
			proxyType = 2;
			remoteGlobalIDString = 3D3CD9321DE5FBEE00167DC4;
			remoteInfo = "cxxreact-tvOS";
		};
		3DAD3EAC1DF850E9000B6D8A /* PBXContainerItemProxy */ = {
			isa = PBXContainerItemProxy;
			containerPortal = 146833FF1AC3E56700842450 /* React.xcodeproj */;
			proxyType = 2;
			remoteGlobalIDString = 3D3CD90B1DE5FBD600167DC4;
			remoteInfo = jschelpers;
		};
		3DAD3EAE1DF850E9000B6D8A /* PBXContainerItemProxy */ = {
			isa = PBXContainerItemProxy;
			containerPortal = 146833FF1AC3E56700842450 /* React.xcodeproj */;
			proxyType = 2;
			remoteGlobalIDString = 3D3CD9181DE5FBD800167DC4;
			remoteInfo = "jschelpers-tvOS";
		};
		5E9157321DD0AC6500FF2AA8 /* PBXContainerItemProxy */ = {
			isa = PBXContainerItemProxy;
			containerPortal = 5E91572D1DD0AC6500FF2AA8 /* RCTAnimation.xcodeproj */;
			proxyType = 2;
			remoteGlobalIDString = 134814201AA4EA6300B7C361;
			remoteInfo = RCTAnimation;
		};
		5E9157341DD0AC6500FF2AA8 /* PBXContainerItemProxy */ = {
			isa = PBXContainerItemProxy;
			containerPortal = 5E91572D1DD0AC6500FF2AA8 /* RCTAnimation.xcodeproj */;
			proxyType = 2;
			remoteGlobalIDString = 2D2A28201D9B03D100D4039D;
			remoteInfo = "RCTAnimation-tvOS";
		};
		78C398B81ACF4ADC00677621 /* PBXContainerItemProxy */ = {
			isa = PBXContainerItemProxy;
			containerPortal = 78C398B01ACF4ADC00677621 /* RCTLinking.xcodeproj */;
			proxyType = 2;
			remoteGlobalIDString = 134814201AA4EA6300B7C361;
			remoteInfo = RCTLinking;
		};
		832341B41AAA6A8300B99B32 /* PBXContainerItemProxy */ = {
			isa = PBXContainerItemProxy;
			containerPortal = 832341B01AAA6A8300B99B32 /* RCTText.xcodeproj */;
			proxyType = 2;
			remoteGlobalIDString = 58B5119B1A9E6C1200147676;
			remoteInfo = RCTText;
		};
		ADBDB9261DFEBF0700ED6528 /* PBXContainerItemProxy */ = {
			isa = PBXContainerItemProxy;
			containerPortal = ADBDB91F1DFEBF0600ED6528 /* RCTBlob.xcodeproj */;
			proxyType = 2;
			remoteGlobalIDString = 358F4ED71D1E81A9004DF814;
			remoteInfo = RCTBlob;
		};
/* End PBXContainerItemProxy section */

/* Begin PBXFileReference section */
		008F07F21AC5B25A0029DE68 /* main.jsbundle */ = {isa = PBXFileReference; fileEncoding = 4; lastKnownFileType = text; path = main.jsbundle; sourceTree = "<group>"; };
		00C302A71ABCB8CE00DB3ED1 /* RCTActionSheet.xcodeproj */ = {isa = PBXFileReference; lastKnownFileType = "wrapper.pb-project"; name = RCTActionSheet.xcodeproj; path = "../node_modules/react-native/Libraries/ActionSheetIOS/RCTActionSheet.xcodeproj"; sourceTree = "<group>"; };
		00C302B51ABCB90400DB3ED1 /* RCTGeolocation.xcodeproj */ = {isa = PBXFileReference; lastKnownFileType = "wrapper.pb-project"; name = RCTGeolocation.xcodeproj; path = "../node_modules/react-native/Libraries/Geolocation/RCTGeolocation.xcodeproj"; sourceTree = "<group>"; };
		00C302BB1ABCB91800DB3ED1 /* RCTImage.xcodeproj */ = {isa = PBXFileReference; lastKnownFileType = "wrapper.pb-project"; name = RCTImage.xcodeproj; path = "../node_modules/react-native/Libraries/Image/RCTImage.xcodeproj"; sourceTree = "<group>"; };
		00C302D31ABCB9D200DB3ED1 /* RCTNetwork.xcodeproj */ = {isa = PBXFileReference; lastKnownFileType = "wrapper.pb-project"; name = RCTNetwork.xcodeproj; path = "../node_modules/react-native/Libraries/Network/RCTNetwork.xcodeproj"; sourceTree = "<group>"; };
		00C302DF1ABCB9EE00DB3ED1 /* RCTVibration.xcodeproj */ = {isa = PBXFileReference; lastKnownFileType = "wrapper.pb-project"; name = RCTVibration.xcodeproj; path = "../node_modules/react-native/Libraries/Vibration/RCTVibration.xcodeproj"; sourceTree = "<group>"; };
		00E356EE1AD99517003FC87E /* nizamiRNTests.xctest */ = {isa = PBXFileReference; explicitFileType = wrapper.cfbundle; includeInIndex = 0; path = nizamiRNTests.xctest; sourceTree = BUILT_PRODUCTS_DIR; };
		00E356F11AD99517003FC87E /* Info.plist */ = {isa = PBXFileReference; lastKnownFileType = text.plist.xml; path = Info.plist; sourceTree = "<group>"; };
		00E356F21AD99517003FC87E /* nizamiRNTests.m */ = {isa = PBXFileReference; lastKnownFileType = sourcecode.c.objc; path = nizamiRNTests.m; sourceTree = "<group>"; };
		139105B61AF99BAD00B5F7CC /* RCTSettings.xcodeproj */ = {isa = PBXFileReference; lastKnownFileType = "wrapper.pb-project"; name = RCTSettings.xcodeproj; path = "../node_modules/react-native/Libraries/Settings/RCTSettings.xcodeproj"; sourceTree = "<group>"; };
		139FDEE61B06529A00C62182 /* RCTWebSocket.xcodeproj */ = {isa = PBXFileReference; lastKnownFileType = "wrapper.pb-project"; name = RCTWebSocket.xcodeproj; path = "../node_modules/react-native/Libraries/WebSocket/RCTWebSocket.xcodeproj"; sourceTree = "<group>"; };
		13B07F961A680F5B00A75B9A /* nizamiRN.app */ = {isa = PBXFileReference; explicitFileType = wrapper.application; includeInIndex = 0; path = nizamiRN.app; sourceTree = BUILT_PRODUCTS_DIR; };
		13B07FAF1A68108700A75B9A /* AppDelegate.h */ = {isa = PBXFileReference; fileEncoding = 4; lastKnownFileType = sourcecode.c.h; name = AppDelegate.h; path = nizamiRN/AppDelegate.h; sourceTree = "<group>"; };
		13B07FB01A68108700A75B9A /* AppDelegate.m */ = {isa = PBXFileReference; fileEncoding = 4; lastKnownFileType = sourcecode.c.objc; name = AppDelegate.m; path = nizamiRN/AppDelegate.m; sourceTree = "<group>"; };
		13B07FB21A68108700A75B9A /* Base */ = {isa = PBXFileReference; lastKnownFileType = file.xib; name = Base; path = Base.lproj/LaunchScreen.xib; sourceTree = "<group>"; };
		13B07FB51A68108700A75B9A /* Images.xcassets */ = {isa = PBXFileReference; lastKnownFileType = folder.assetcatalog; name = Images.xcassets; path = nizamiRN/Images.xcassets; sourceTree = "<group>"; };
		13B07FB61A68108700A75B9A /* Info.plist */ = {isa = PBXFileReference; fileEncoding = 4; lastKnownFileType = text.plist.xml; name = Info.plist; path = nizamiRN/Info.plist; sourceTree = "<group>"; };
		13B07FB71A68108700A75B9A /* main.m */ = {isa = PBXFileReference; fileEncoding = 4; lastKnownFileType = sourcecode.c.objc; name = main.m; path = nizamiRN/main.m; sourceTree = "<group>"; };
		146833FF1AC3E56700842450 /* React.xcodeproj */ = {isa = PBXFileReference; lastKnownFileType = "wrapper.pb-project"; name = React.xcodeproj; path = "../node_modules/react-native/React/React.xcodeproj"; sourceTree = "<group>"; };
		2D02E47B1E0B4A5D006451C7 /* nizamiRN-tvOS.app */ = {isa = PBXFileReference; explicitFileType = wrapper.application; includeInIndex = 0; path = "nizamiRN-tvOS.app"; sourceTree = BUILT_PRODUCTS_DIR; };
		2D02E4901E0B4A5D006451C7 /* nizamiRN-tvOSTests.xctest */ = {isa = PBXFileReference; explicitFileType = wrapper.cfbundle; includeInIndex = 0; path = "nizamiRN-tvOSTests.xctest"; sourceTree = BUILT_PRODUCTS_DIR; };
		2D16E6891FA4F8E400B85C8A /* libReact.a */ = {isa = PBXFileReference; explicitFileType = archive.ar; path = libReact.a; sourceTree = BUILT_PRODUCTS_DIR; };
		5E91572D1DD0AC6500FF2AA8 /* RCTAnimation.xcodeproj */ = {isa = PBXFileReference; lastKnownFileType = "wrapper.pb-project"; name = RCTAnimation.xcodeproj; path = "../node_modules/react-native/Libraries/NativeAnimation/RCTAnimation.xcodeproj"; sourceTree = "<group>"; };
		78C398B01ACF4ADC00677621 /* RCTLinking.xcodeproj */ = {isa = PBXFileReference; lastKnownFileType = "wrapper.pb-project"; name = RCTLinking.xcodeproj; path = "../node_modules/react-native/Libraries/LinkingIOS/RCTLinking.xcodeproj"; sourceTree = "<group>"; };
		832341B01AAA6A8300B99B32 /* RCTText.xcodeproj */ = {isa = PBXFileReference; lastKnownFileType = "wrapper.pb-project"; name = RCTText.xcodeproj; path = "../node_modules/react-native/Libraries/Text/RCTText.xcodeproj"; sourceTree = "<group>"; };
		ADBDB91F1DFEBF0600ED6528 /* RCTBlob.xcodeproj */ = {isa = PBXFileReference; lastKnownFileType = "wrapper.pb-project"; name = RCTBlob.xcodeproj; path = "../node_modules/react-native/Libraries/Blob/RCTBlob.xcodeproj"; sourceTree = "<group>"; };
		EC2ED5EDFE5D4E26BC9C60AF /* Anglecia-Pro-Display.otf */ = {isa = PBXFileReference; name = "Anglecia-Pro-Display.otf"; path = "../app/fonts/Anglecia-Pro-Display.otf"; sourceTree = "<group>"; fileEncoding = undefined; lastKnownFileType = unknown; explicitFileType = undefined; includeInIndex = 0; };
		AF299560EBF74868ACF57926 /* Aileron-Black.otf */ = {isa = PBXFileReference; name = "Aileron-Black.otf"; path = "../app/fonts/Gotham/aileron/Aileron-Black.otf"; sourceTree = "<group>"; fileEncoding = undefined; lastKnownFileType = unknown; explicitFileType = undefined; includeInIndex = 0; };
		62C650284CDD44748D717100 /* Aileron-BlackItalic.otf */ = {isa = PBXFileReference; name = "Aileron-BlackItalic.otf"; path = "../app/fonts/Gotham/aileron/Aileron-BlackItalic.otf"; sourceTree = "<group>"; fileEncoding = undefined; lastKnownFileType = unknown; explicitFileType = undefined; includeInIndex = 0; };
		EE09C25A487C433386D2120F /* Aileron-Bold.otf */ = {isa = PBXFileReference; name = "Aileron-Bold.otf"; path = "../app/fonts/Gotham/aileron/Aileron-Bold.otf"; sourceTree = "<group>"; fileEncoding = undefined; lastKnownFileType = unknown; explicitFileType = undefined; includeInIndex = 0; };
		90C54C273C5E4A51AF421F13 /* Aileron-BoldItalic.otf */ = {isa = PBXFileReference; name = "Aileron-BoldItalic.otf"; path = "../app/fonts/Gotham/aileron/Aileron-BoldItalic.otf"; sourceTree = "<group>"; fileEncoding = undefined; lastKnownFileType = unknown; explicitFileType = undefined; includeInIndex = 0; };
		8975C075A4EC4291AD1D54BF /* Aileron-Heavy.otf */ = {isa = PBXFileReference; name = "Aileron-Heavy.otf"; path = "../app/fonts/Gotham/aileron/Aileron-Heavy.otf"; sourceTree = "<group>"; fileEncoding = undefined; lastKnownFileType = unknown; explicitFileType = undefined; includeInIndex = 0; };
		66331476DCD04EE6B0E86993 /* Aileron-HeavyItalic.otf */ = {isa = PBXFileReference; name = "Aileron-HeavyItalic.otf"; path = "../app/fonts/Gotham/aileron/Aileron-HeavyItalic.otf"; sourceTree = "<group>"; fileEncoding = undefined; lastKnownFileType = unknown; explicitFileType = undefined; includeInIndex = 0; };
		10480E554E364E879729B54C /* Aileron-Italic.otf */ = {isa = PBXFileReference; name = "Aileron-Italic.otf"; path = "../app/fonts/Gotham/aileron/Aileron-Italic.otf"; sourceTree = "<group>"; fileEncoding = undefined; lastKnownFileType = unknown; explicitFileType = undefined; includeInIndex = 0; };
		478EC310C3364930B189A23E /* Aileron-Light.otf */ = {isa = PBXFileReference; name = "Aileron-Light.otf"; path = "../app/fonts/Gotham/aileron/Aileron-Light.otf"; sourceTree = "<group>"; fileEncoding = undefined; lastKnownFileType = unknown; explicitFileType = undefined; includeInIndex = 0; };
		FB70C3119B9542E294B41B29 /* Aileron-LightItalic.otf */ = {isa = PBXFileReference; name = "Aileron-LightItalic.otf"; path = "../app/fonts/Gotham/aileron/Aileron-LightItalic.otf"; sourceTree = "<group>"; fileEncoding = undefined; lastKnownFileType = unknown; explicitFileType = undefined; includeInIndex = 0; };
		AC0E7C309E764B9185FC8C08 /* Aileron-Regular.otf */ = {isa = PBXFileReference; name = "Aileron-Regular.otf"; path = "../app/fonts/Gotham/aileron/Aileron-Regular.otf"; sourceTree = "<group>"; fileEncoding = undefined; lastKnownFileType = unknown; explicitFileType = undefined; includeInIndex = 0; };
		628D7E7E04654F9DB66743CC /* Aileron-SemiBold.otf */ = {isa = PBXFileReference; name = "Aileron-SemiBold.otf"; path = "../app/fonts/Gotham/aileron/Aileron-SemiBold.otf"; sourceTree = "<group>"; fileEncoding = undefined; lastKnownFileType = unknown; explicitFileType = undefined; includeInIndex = 0; };
		50F42ABFAC3A45088313F1C2 /* Aileron-SemiBoldItalic.otf */ = {isa = PBXFileReference; name = "Aileron-SemiBoldItalic.otf"; path = "../app/fonts/Gotham/aileron/Aileron-SemiBoldItalic.otf"; sourceTree = "<group>"; fileEncoding = undefined; lastKnownFileType = unknown; explicitFileType = undefined; includeInIndex = 0; };
		DF4F184EDF1E468F979DB3BC /* Aileron-Thin.otf */ = {isa = PBXFileReference; name = "Aileron-Thin.otf"; path = "../app/fonts/Gotham/aileron/Aileron-Thin.otf"; sourceTree = "<group>"; fileEncoding = undefined; lastKnownFileType = unknown; explicitFileType = undefined; includeInIndex = 0; };
		FD6D3AEADF4A4CA8B6A75A44 /* Aileron-ThinItalic.otf */ = {isa = PBXFileReference; name = "Aileron-ThinItalic.otf"; path = "../app/fonts/Gotham/aileron/Aileron-ThinItalic.otf"; sourceTree = "<group>"; fileEncoding = undefined; lastKnownFileType = unknown; explicitFileType = undefined; includeInIndex = 0; };
		8F7DE3244CD34E2AA189EDF2 /* Aileron-UltraLight.otf */ = {isa = PBXFileReference; name = "Aileron-UltraLight.otf"; path = "../app/fonts/Gotham/aileron/Aileron-UltraLight.otf"; sourceTree = "<group>"; fileEncoding = undefined; lastKnownFileType = unknown; explicitFileType = undefined; includeInIndex = 0; };
		D30D7945471149C59FDA334D /* Aileron-UltraLightItalic.otf */ = {isa = PBXFileReference; name = "Aileron-UltraLightItalic.otf"; path = "../app/fonts/Gotham/aileron/Aileron-UltraLightItalic.otf"; sourceTree = "<group>"; fileEncoding = undefined; lastKnownFileType = unknown; explicitFileType = undefined; includeInIndex = 0; };
		72F73E56D29A46CC832FC506 /* Gotham Condensed Black.otf */ = {isa = PBXFileReference; name = "Gotham Condensed Black.otf"; path = "../app/fonts/Gotham/Gotham Condensed/Gotham Condensed Black.otf"; sourceTree = "<group>"; fileEncoding = undefined; lastKnownFileType = unknown; explicitFileType = undefined; includeInIndex = 0; };
		A0A12AFEEEB14972933643E3 /* Gotham Condensed Bold.otf */ = {isa = PBXFileReference; name = "Gotham Condensed Bold.otf"; path = "../app/fonts/Gotham/Gotham Condensed/Gotham Condensed Bold.otf"; sourceTree = "<group>"; fileEncoding = undefined; lastKnownFileType = unknown; explicitFileType = undefined; includeInIndex = 0; };
		FB74E0B896384015972B3104 /* Gotham Condensed Book.otf */ = {isa = PBXFileReference; name = "Gotham Condensed Book.otf"; path = "../app/fonts/Gotham/Gotham Condensed/Gotham Condensed Book.otf"; sourceTree = "<group>"; fileEncoding = undefined; lastKnownFileType = unknown; explicitFileType = undefined; includeInIndex = 0; };
		B3A6BCC128124A15B5D92F6A /* Gotham Condensed Light.otf */ = {isa = PBXFileReference; name = "Gotham Condensed Light.otf"; path = "../app/fonts/Gotham/Gotham Condensed/Gotham Condensed Light.otf"; sourceTree = "<group>"; fileEncoding = undefined; lastKnownFileType = unknown; explicitFileType = undefined; includeInIndex = 0; };
		A9028C0B99C94DEBB38856A7 /* Gotham Condensed Medium.otf */ = {isa = PBXFileReference; name = "Gotham Condensed Medium.otf"; path = "../app/fonts/Gotham/Gotham Condensed/Gotham Condensed Medium.otf"; sourceTree = "<group>"; fileEncoding = undefined; lastKnownFileType = unknown; explicitFileType = undefined; includeInIndex = 0; };
		3B88086B143B43F0A5D0A0B4 /* Gotham Condensed Thin.otf */ = {isa = PBXFileReference; name = "Gotham Condensed Thin.otf"; path = "../app/fonts/Gotham/Gotham Condensed/Gotham Condensed Thin.otf"; sourceTree = "<group>"; fileEncoding = undefined; lastKnownFileType = unknown; explicitFileType = undefined; includeInIndex = 0; };
		D2B4B25B6B9143C39790A1CF /* Gotham Condensed Ultra.otf */ = {isa = PBXFileReference; name = "Gotham Condensed Ultra.otf"; path = "../app/fonts/Gotham/Gotham Condensed/Gotham Condensed Ultra.otf"; sourceTree = "<group>"; fileEncoding = undefined; lastKnownFileType = unknown; explicitFileType = undefined; includeInIndex = 0; };
		11791A49E6C5460DA75C51F9 /* Gotham Condensed XLight.otf */ = {isa = PBXFileReference; name = "Gotham Condensed XLight.otf"; path = "../app/fonts/Gotham/Gotham Condensed/Gotham Condensed XLight.otf"; sourceTree = "<group>"; fileEncoding = undefined; lastKnownFileType = unknown; explicitFileType = undefined; includeInIndex = 0; };
		061EDE4565B247CD9048050C /* Gotham XNarrow Black.otf */ = {isa = PBXFileReference; name = "Gotham XNarrow Black.otf"; path = "../app/fonts/Gotham/Gotham Extra Narrow/Gotham XNarrow Black.otf"; sourceTree = "<group>"; fileEncoding = undefined; lastKnownFileType = unknown; explicitFileType = undefined; includeInIndex = 0; };
		AC5F620EF90D4380894317BF /* Gotham XNarrow Bold.otf */ = {isa = PBXFileReference; name = "Gotham XNarrow Bold.otf"; path = "../app/fonts/Gotham/Gotham Extra Narrow/Gotham XNarrow Bold.otf"; sourceTree = "<group>"; fileEncoding = undefined; lastKnownFileType = unknown; explicitFileType = undefined; includeInIndex = 0; };
		CCAAF78C1A8D4AECBEF4C8C0 /* Gotham XNarrow Book.otf */ = {isa = PBXFileReference; name = "Gotham XNarrow Book.otf"; path = "../app/fonts/Gotham/Gotham Extra Narrow/Gotham XNarrow Book.otf"; sourceTree = "<group>"; fileEncoding = undefined; lastKnownFileType = unknown; explicitFileType = undefined; includeInIndex = 0; };
		84C1F5A420704FF58A5E9395 /* Gotham XNarrow Light.otf */ = {isa = PBXFileReference; name = "Gotham XNarrow Light.otf"; path = "../app/fonts/Gotham/Gotham Extra Narrow/Gotham XNarrow Light.otf"; sourceTree = "<group>"; fileEncoding = undefined; lastKnownFileType = unknown; explicitFileType = undefined; includeInIndex = 0; };
		8039649063CF4AA6ABF2ED7C /* Gotham XNarrow Medium.otf */ = {isa = PBXFileReference; name = "Gotham XNarrow Medium.otf"; path = "../app/fonts/Gotham/Gotham Extra Narrow/Gotham XNarrow Medium.otf"; sourceTree = "<group>"; fileEncoding = undefined; lastKnownFileType = unknown; explicitFileType = undefined; includeInIndex = 0; };
		C26C0B8B01D947E48C883D8A /* Gotham XNarrow Thin.otf */ = {isa = PBXFileReference; name = "Gotham XNarrow Thin.otf"; path = "../app/fonts/Gotham/Gotham Extra Narrow/Gotham XNarrow Thin.otf"; sourceTree = "<group>"; fileEncoding = undefined; lastKnownFileType = unknown; explicitFileType = undefined; includeInIndex = 0; };
		639D4AACA6924725AF4582CE /* Gotham XNarrow Ultra.otf */ = {isa = PBXFileReference; name = "Gotham XNarrow Ultra.otf"; path = "../app/fonts/Gotham/Gotham Extra Narrow/Gotham XNarrow Ultra.otf"; sourceTree = "<group>"; fileEncoding = undefined; lastKnownFileType = unknown; explicitFileType = undefined; includeInIndex = 0; };
		40A09003A2374FB39276E56B /* Gotham XNarrow XLight.otf */ = {isa = PBXFileReference; name = "Gotham XNarrow XLight.otf"; path = "../app/fonts/Gotham/Gotham Extra Narrow/Gotham XNarrow XLight.otf"; sourceTree = "<group>"; fileEncoding = undefined; lastKnownFileType = unknown; explicitFileType = undefined; includeInIndex = 0; };
		C0AC1949AAAD49FD8934A261 /* GothamNarrow-Bold.otf */ = {isa = PBXFileReference; name = "GothamNarrow-Bold.otf"; path = "../app/fonts/Gotham/Gotham Narrow/Dr.ELM/GothamNarrow-Bold.otf"; sourceTree = "<group>"; fileEncoding = undefined; lastKnownFileType = unknown; explicitFileType = undefined; includeInIndex = 0; };
		43802F6EA6DD4670842B6CD6 /* GothamNarrow-Book.otf */ = {isa = PBXFileReference; name = "GothamNarrow-Book.otf"; path = "../app/fonts/Gotham/Gotham Narrow/Dr.ELM/GothamNarrow-Book.otf"; sourceTree = "<group>"; fileEncoding = undefined; lastKnownFileType = unknown; explicitFileType = undefined; includeInIndex = 0; };
		C3D5B1677D24490C939B5924 /* GothamNarrow-Light.otf */ = {isa = PBXFileReference; name = "GothamNarrow-Light.otf"; path = "../app/fonts/Gotham/Gotham Narrow/Dr.ELM/GothamNarrow-Light.otf"; sourceTree = "<group>"; fileEncoding = undefined; lastKnownFileType = unknown; explicitFileType = undefined; includeInIndex = 0; };
		B51D18C4BDEF4F8AABE19816 /* GothamNarrow-Thin.otf */ = {isa = PBXFileReference; name = "GothamNarrow-Thin.otf"; path = "../app/fonts/Gotham/Gotham Narrow/Dr.ELM/GothamNarrow-Thin.otf"; sourceTree = "<group>"; fileEncoding = undefined; lastKnownFileType = unknown; explicitFileType = undefined; includeInIndex = 0; };
		EC131F1B6B7E4F5C9F0F1921 /* Gotham Narrow Black.otf */ = {isa = PBXFileReference; name = "Gotham Narrow Black.otf"; path = "../app/fonts/Gotham/Gotham Narrow/HFJ/Gotham Narrow Black.otf"; sourceTree = "<group>"; fileEncoding = undefined; lastKnownFileType = unknown; explicitFileType = undefined; includeInIndex = 0; };
		9703688510F34858B551DE16 /* Gotham Narrow Bold.otf */ = {isa = PBXFileReference; name = "Gotham Narrow Bold.otf"; path = "../app/fonts/Gotham/Gotham Narrow/HFJ/Gotham Narrow Bold.otf"; sourceTree = "<group>"; fileEncoding = undefined; lastKnownFileType = unknown; explicitFileType = undefined; includeInIndex = 0; };
		DCD25155673A4B45988E0272 /* Gotham Narrow Book.otf */ = {isa = PBXFileReference; name = "Gotham Narrow Book.otf"; path = "../app/fonts/Gotham/Gotham Narrow/HFJ/Gotham Narrow Book.otf"; sourceTree = "<group>"; fileEncoding = undefined; lastKnownFileType = unknown; explicitFileType = undefined; includeInIndex = 0; };
		2D1FD4EFDDF64A87BF7A3FA3 /* Gotham Narrow Light.otf */ = {isa = PBXFileReference; name = "Gotham Narrow Light.otf"; path = "../app/fonts/Gotham/Gotham Narrow/HFJ/Gotham Narrow Light.otf"; sourceTree = "<group>"; fileEncoding = undefined; lastKnownFileType = unknown; explicitFileType = undefined; includeInIndex = 0; };
		5673034469654A9DB40D18F4 /* Gotham Narrow Medium.otf */ = {isa = PBXFileReference; name = "Gotham Narrow Medium.otf"; path = "../app/fonts/Gotham/Gotham Narrow/HFJ/Gotham Narrow Medium.otf"; sourceTree = "<group>"; fileEncoding = undefined; lastKnownFileType = unknown; explicitFileType = undefined; includeInIndex = 0; };
		E2681EFE6BCF40C08FE7AEFD /* Gotham Narrow Thin.otf */ = {isa = PBXFileReference; name = "Gotham Narrow Thin.otf"; path = "../app/fonts/Gotham/Gotham Narrow/HFJ/Gotham Narrow Thin.otf"; sourceTree = "<group>"; fileEncoding = undefined; lastKnownFileType = unknown; explicitFileType = undefined; includeInIndex = 0; };
		89E2C70A78654C6AA76BA376 /* Gotham Narrow Ultra.otf */ = {isa = PBXFileReference; name = "Gotham Narrow Ultra.otf"; path = "../app/fonts/Gotham/Gotham Narrow/HFJ/Gotham Narrow Ultra.otf"; sourceTree = "<group>"; fileEncoding = undefined; lastKnownFileType = unknown; explicitFileType = undefined; includeInIndex = 0; };
		738811D6F7A74F4CA5731ACF /* Gotham Narrow XLight.otf */ = {isa = PBXFileReference; name = "Gotham Narrow XLight.otf"; path = "../app/fonts/Gotham/Gotham Narrow/HFJ/Gotham Narrow XLight.otf"; sourceTree = "<group>"; fileEncoding = undefined; lastKnownFileType = unknown; explicitFileType = undefined; includeInIndex = 0; };
		CC6F72E2CF7B411380A42D21 /* Gotham Black.otf */ = {isa = PBXFileReference; name = "Gotham Black.otf"; path = "../app/fonts/Gotham/Gotham Normal/Gotham Black.otf"; sourceTree = "<group>"; fileEncoding = undefined; lastKnownFileType = unknown; explicitFileType = undefined; includeInIndex = 0; };
		5F627363BA9943FDB416B969 /* Gotham Bold.otf */ = {isa = PBXFileReference; name = "Gotham Bold.otf"; path = "../app/fonts/Gotham/Gotham Normal/Gotham Bold.otf"; sourceTree = "<group>"; fileEncoding = undefined; lastKnownFileType = unknown; explicitFileType = undefined; includeInIndex = 0; };
		045DFF4011F14904B986B1B4 /* Gotham Book.otf */ = {isa = PBXFileReference; name = "Gotham Book.otf"; path = "../app/fonts/Gotham/Gotham Normal/Gotham Book.otf"; sourceTree = "<group>"; fileEncoding = undefined; lastKnownFileType = unknown; explicitFileType = undefined; includeInIndex = 0; };
		844DDDFF860847D487FCABE6 /* Gotham Light.otf */ = {isa = PBXFileReference; name = "Gotham Light.otf"; path = "../app/fonts/Gotham/Gotham Normal/Gotham Light.otf"; sourceTree = "<group>"; fileEncoding = undefined; lastKnownFileType = unknown; explicitFileType = undefined; includeInIndex = 0; };
		0CD7430E084D4A5AB7C22D72 /* Gotham Medium.otf */ = {isa = PBXFileReference; name = "Gotham Medium.otf"; path = "../app/fonts/Gotham/Gotham Normal/Gotham Medium.otf"; sourceTree = "<group>"; fileEncoding = undefined; lastKnownFileType = unknown; explicitFileType = undefined; includeInIndex = 0; };
		D8A3ADB797A141C7820CF623 /* Gotham Thin.otf */ = {isa = PBXFileReference; name = "Gotham Thin.otf"; path = "../app/fonts/Gotham/Gotham Normal/Gotham Thin.otf"; sourceTree = "<group>"; fileEncoding = undefined; lastKnownFileType = unknown; explicitFileType = undefined; includeInIndex = 0; };
		3326376E36D9406FB5E63E52 /* Gotham Ultra.otf */ = {isa = PBXFileReference; name = "Gotham Ultra.otf"; path = "../app/fonts/Gotham/Gotham Normal/Gotham Ultra.otf"; sourceTree = "<group>"; fileEncoding = undefined; lastKnownFileType = unknown; explicitFileType = undefined; includeInIndex = 0; };
		E41509090CBC4A8F99E5862C /* Gotham XLight.otf */ = {isa = PBXFileReference; name = "Gotham XLight.otf"; path = "../app/fonts/Gotham/Gotham Normal/Gotham XLight.otf"; sourceTree = "<group>"; fileEncoding = undefined; lastKnownFileType = unknown; explicitFileType = undefined; includeInIndex = 0; };
		ECECAE7981D14E1590610E1B /* ArialNU.otf */ = {isa = PBXFileReference; name = "ArialNU.otf"; path = "../app/fonts/ArialNU.otf"; sourceTree = "<group>"; fileEncoding = undefined; lastKnownFileType = unknown; explicitFileType = undefined; includeInIndex = 0; };
		1E8BD5E4E82D47AAA7439B11 /* Antonio-Bold.otf */ = {isa = PBXFileReference; name = "Antonio-Bold.otf"; path = "../app/fonts/Antonio-Bold.otf"; sourceTree = "<group>"; fileEncoding = undefined; lastKnownFileType = unknown; explicitFileType = undefined; includeInIndex = 0; };
		73B2BE7ED0AA4EEEB78CA3CD /* Antonio-Light.otf */ = {isa = PBXFileReference; name = "Antonio-Light.otf"; path = "../app/fonts/Antonio-Light.otf"; sourceTree = "<group>"; fileEncoding = undefined; lastKnownFileType = unknown; explicitFileType = undefined; includeInIndex = 0; };
		54C6F071DAE04334A676BFB3 /* Antonio-Regular.otf */ = {isa = PBXFileReference; name = "Antonio-Regular.otf"; path = "../app/fonts/Antonio-Regular.otf"; sourceTree = "<group>"; fileEncoding = undefined; lastKnownFileType = unknown; explicitFileType = undefined; includeInIndex = 0; };
		421274D8673643789E49C5DC /* Antonio_bold.otf */ = {isa = PBXFileReference; name = "Antonio_bold.otf"; path = "../app/fonts/Antonio_bold.otf"; sourceTree = "<group>"; fileEncoding = undefined; lastKnownFileType = unknown; explicitFileType = undefined; includeInIndex = 0; };
		83FD863A9F2A406CB394F84B /* Antonio_light.otf */ = {isa = PBXFileReference; name = "Antonio_light.otf"; path = "../app/fonts/Antonio_light.otf"; sourceTree = "<group>"; fileEncoding = undefined; lastKnownFileType = unknown; explicitFileType = undefined; includeInIndex = 0; };
		D8CAC7740C1C4D39B6AF0402 /* Antonio.otf */ = {isa = PBXFileReference; name = "Antonio.otf"; path = "../app/fonts/Antonio.otf"; sourceTree = "<group>"; fileEncoding = undefined; lastKnownFileType = unknown; explicitFileType = undefined; includeInIndex = 0; };
		FB150880B75A4EE4956E903A /* DINPro-Bold.ttf */ = {isa = PBXFileReference; name = "DINPro-Bold.ttf"; path = "../app/fonts/DINPro-Bold.ttf"; sourceTree = "<group>"; fileEncoding = undefined; lastKnownFileType = unknown; explicitFileType = undefined; includeInIndex = 0; };
		8524BD934FDA4C74B277D9CD /* DINPro-Medium.ttf */ = {isa = PBXFileReference; name = "DINPro-Medium.ttf"; path = "../app/fonts/DINPro-Medium.ttf"; sourceTree = "<group>"; fileEncoding = undefined; lastKnownFileType = unknown; explicitFileType = undefined; includeInIndex = 0; };
		8F889285881849B39AD35DE3 /* DINPro.ttf */ = {isa = PBXFileReference; name = "DINPro.ttf"; path = "../app/fonts/DINPro.ttf"; sourceTree = "<group>"; fileEncoding = undefined; lastKnownFileType = unknown; explicitFileType = undefined; includeInIndex = 0; };
		A2418B09A2D2409184A19E27 /* DINPro_bold.ttf */ = {isa = PBXFileReference; name = "DINPro_bold.ttf"; path = "../app/fonts/DINPro_bold.ttf"; sourceTree = "<group>"; fileEncoding = undefined; lastKnownFileType = unknown; explicitFileType = undefined; includeInIndex = 0; };
		4E5C234D93AD45C58FD6111A /* DINPro_medium.ttf */ = {isa = PBXFileReference; name = "DINPro_medium.ttf"; path = "../app/fonts/DINPro_medium.ttf"; sourceTree = "<group>"; fileEncoding = undefined; lastKnownFileType = unknown; explicitFileType = undefined; includeInIndex = 0; };
/* End PBXFileReference section */

/* Begin PBXFrameworksBuildPhase section */
		00E356EB1AD99517003FC87E /* Frameworks */ = {
			isa = PBXFrameworksBuildPhase;
			buildActionMask = 2147483647;
			files = (
				140ED2AC1D01E1AD002B40FF /* libReact.a in Frameworks */,
			);
			runOnlyForDeploymentPostprocessing = 0;
		};
		13B07F8C1A680F5B00A75B9A /* Frameworks */ = {
			isa = PBXFrameworksBuildPhase;
			buildActionMask = 2147483647;
			files = (
				ADBDB9381DFEBF1600ED6528 /* libRCTBlob.a in Frameworks */,
				5E9157361DD0AC6A00FF2AA8 /* libRCTAnimation.a in Frameworks */,
				146834051AC3E58100842450 /* libReact.a in Frameworks */,
				5E9157361DD0AC6A00FF2AA8 /* libRCTAnimation.a in Frameworks */,
				00C302E51ABCBA2D00DB3ED1 /* libRCTActionSheet.a in Frameworks */,
				00C302E71ABCBA2D00DB3ED1 /* libRCTGeolocation.a in Frameworks */,
				00C302E81ABCBA2D00DB3ED1 /* libRCTImage.a in Frameworks */,
				133E29F31AD74F7200F7D852 /* libRCTLinking.a in Frameworks */,
				00C302E91ABCBA2D00DB3ED1 /* libRCTNetwork.a in Frameworks */,
				139105C61AF99C1200B5F7CC /* libRCTSettings.a in Frameworks */,
				832341BD1AAA6AB300B99B32 /* libRCTText.a in Frameworks */,
				00C302EA1ABCBA2D00DB3ED1 /* libRCTVibration.a in Frameworks */,
				139FDEF61B0652A700C62182 /* libRCTWebSocket.a in Frameworks */,
			);
			runOnlyForDeploymentPostprocessing = 0;
		};
		2D02E4781E0B4A5D006451C7 /* Frameworks */ = {
			isa = PBXFrameworksBuildPhase;
			buildActionMask = 2147483647;
			files = (
				2D16E6881FA4F8E400B85C8A /* libReact.a in Frameworks */,
				2D02E4C21E0B4AEC006451C7 /* libRCTAnimation.a in Frameworks */,
				2D02E4C31E0B4AEC006451C7 /* libRCTImage-tvOS.a in Frameworks */,
				2D02E4C41E0B4AEC006451C7 /* libRCTLinking-tvOS.a in Frameworks */,
				2D02E4C51E0B4AEC006451C7 /* libRCTNetwork-tvOS.a in Frameworks */,
				2D02E4C61E0B4AEC006451C7 /* libRCTSettings-tvOS.a in Frameworks */,
				2D02E4C71E0B4AEC006451C7 /* libRCTText-tvOS.a in Frameworks */,
				2D02E4C81E0B4AEC006451C7 /* libRCTWebSocket-tvOS.a in Frameworks */,
			);
			runOnlyForDeploymentPostprocessing = 0;
		};
		2D02E48D1E0B4A5D006451C7 /* Frameworks */ = {
			isa = PBXFrameworksBuildPhase;
			buildActionMask = 2147483647;
			files = (
				2DF0FFEE2056DD460020B375 /* libReact.a in Frameworks */,
			);
			runOnlyForDeploymentPostprocessing = 0;
		};
/* End PBXFrameworksBuildPhase section */

/* Begin PBXGroup section */
		00C302A81ABCB8CE00DB3ED1 /* Products */ = {
			isa = PBXGroup;
			children = (
				00C302AC1ABCB8CE00DB3ED1 /* libRCTActionSheet.a */,
			);
			name = Products;
			sourceTree = "<group>";
		};
		00C302B61ABCB90400DB3ED1 /* Products */ = {
			isa = PBXGroup;
			children = (
				00C302BA1ABCB90400DB3ED1 /* libRCTGeolocation.a */,
			);
			name = Products;
			sourceTree = "<group>";
		};
		00C302BC1ABCB91800DB3ED1 /* Products */ = {
			isa = PBXGroup;
			children = (
				00C302C01ABCB91800DB3ED1 /* libRCTImage.a */,
				3DAD3E841DF850E9000B6D8A /* libRCTImage-tvOS.a */,
			);
			name = Products;
			sourceTree = "<group>";
		};
		00C302D41ABCB9D200DB3ED1 /* Products */ = {
			isa = PBXGroup;
			children = (
				00C302DC1ABCB9D200DB3ED1 /* libRCTNetwork.a */,
				3DAD3E8C1DF850E9000B6D8A /* libRCTNetwork-tvOS.a */,
			);
			name = Products;
			sourceTree = "<group>";
		};
		00C302E01ABCB9EE00DB3ED1 /* Products */ = {
			isa = PBXGroup;
			children = (
				00C302E41ABCB9EE00DB3ED1 /* libRCTVibration.a */,
			);
			name = Products;
			sourceTree = "<group>";
		};
		00E356EF1AD99517003FC87E /* nizamiRNTests */ = {
			isa = PBXGroup;
			children = (
				00E356F21AD99517003FC87E /* nizamiRNTests.m */,
				00E356F01AD99517003FC87E /* Supporting Files */,
			);
			path = nizamiRNTests;
			sourceTree = "<group>";
		};
		00E356F01AD99517003FC87E /* Supporting Files */ = {
			isa = PBXGroup;
			children = (
				00E356F11AD99517003FC87E /* Info.plist */,
			);
			name = "Supporting Files";
			sourceTree = "<group>";
		};
		139105B71AF99BAD00B5F7CC /* Products */ = {
			isa = PBXGroup;
			children = (
				139105C11AF99BAD00B5F7CC /* libRCTSettings.a */,
				3DAD3E901DF850E9000B6D8A /* libRCTSettings-tvOS.a */,
			);
			name = Products;
			sourceTree = "<group>";
		};
		139FDEE71B06529A00C62182 /* Products */ = {
			isa = PBXGroup;
			children = (
				139FDEF41B06529B00C62182 /* libRCTWebSocket.a */,
				3DAD3E991DF850E9000B6D8A /* libRCTWebSocket-tvOS.a */,
				2D16E6841FA4F8DC00B85C8A /* libfishhook.a */,
				2D16E6861FA4F8DC00B85C8A /* libfishhook-tvOS.a */,
			);
			name = Products;
			sourceTree = "<group>";
		};
		13B07FAE1A68108700A75B9A /* nizamiRN */ = {
			isa = PBXGroup;
			children = (
				008F07F21AC5B25A0029DE68 /* main.jsbundle */,
				13B07FAF1A68108700A75B9A /* AppDelegate.h */,
				13B07FB01A68108700A75B9A /* AppDelegate.m */,
				13B07FB51A68108700A75B9A /* Images.xcassets */,
				13B07FB61A68108700A75B9A /* Info.plist */,
				13B07FB11A68108700A75B9A /* LaunchScreen.xib */,
				13B07FB71A68108700A75B9A /* main.m */,
			);
			name = nizamiRN;
			sourceTree = "<group>";
		};
		146834001AC3E56700842450 /* Products */ = {
			isa = PBXGroup;
			children = (
				146834041AC3E56700842450 /* libReact.a */,
				3DAD3EA31DF850E9000B6D8A /* libReact.a */,
				3DAD3EA51DF850E9000B6D8A /* libyoga.a */,
				3DAD3EA71DF850E9000B6D8A /* libyoga.a */,
				3DAD3EA91DF850E9000B6D8A /* libcxxreact.a */,
				3DAD3EAB1DF850E9000B6D8A /* libcxxreact.a */,
				3DAD3EAD1DF850E9000B6D8A /* libjschelpers.a */,
				3DAD3EAF1DF850E9000B6D8A /* libjschelpers.a */,
				2DF0FFDF2056DD460020B375 /* libjsinspector.a */,
				2DF0FFE12056DD460020B375 /* libjsinspector-tvOS.a */,
				2DF0FFE32056DD460020B375 /* libthird-party.a */,
				2DF0FFE52056DD460020B375 /* libthird-party.a */,
				2DF0FFE72056DD460020B375 /* libdouble-conversion.a */,
				2DF0FFE92056DD460020B375 /* libdouble-conversion.a */,
				2DF0FFEB2056DD460020B375 /* libprivatedata.a */,
				2DF0FFED2056DD460020B375 /* libprivatedata-tvOS.a */,
			);
			name = Products;
			sourceTree = "<group>";
		};
		2D16E6871FA4F8E400B85C8A /* Frameworks */ = {
			isa = PBXGroup;
			children = (
				2D16E6891FA4F8E400B85C8A /* libReact.a */,
			);
			name = Frameworks;
			sourceTree = "<group>";
		};
		5E91572E1DD0AC6500FF2AA8 /* Products */ = {
			isa = PBXGroup;
			children = (
				5E9157331DD0AC6500FF2AA8 /* libRCTAnimation.a */,
				5E9157351DD0AC6500FF2AA8 /* libRCTAnimation.a */,
			);
			name = Products;
			sourceTree = "<group>";
		};
		78C398B11ACF4ADC00677621 /* Products */ = {
			isa = PBXGroup;
			children = (
				78C398B91ACF4ADC00677621 /* libRCTLinking.a */,
				3DAD3E881DF850E9000B6D8A /* libRCTLinking-tvOS.a */,
			);
			name = Products;
			sourceTree = "<group>";
		};
		832341AE1AAA6A7D00B99B32 /* Libraries */ = {
			isa = PBXGroup;
			children = (
				5E91572D1DD0AC6500FF2AA8 /* RCTAnimation.xcodeproj */,
				146833FF1AC3E56700842450 /* React.xcodeproj */,
				00C302A71ABCB8CE00DB3ED1 /* RCTActionSheet.xcodeproj */,
				ADBDB91F1DFEBF0600ED6528 /* RCTBlob.xcodeproj */,
				00C302B51ABCB90400DB3ED1 /* RCTGeolocation.xcodeproj */,
				00C302BB1ABCB91800DB3ED1 /* RCTImage.xcodeproj */,
				78C398B01ACF4ADC00677621 /* RCTLinking.xcodeproj */,
				00C302D31ABCB9D200DB3ED1 /* RCTNetwork.xcodeproj */,
				139105B61AF99BAD00B5F7CC /* RCTSettings.xcodeproj */,
				832341B01AAA6A8300B99B32 /* RCTText.xcodeproj */,
				00C302DF1ABCB9EE00DB3ED1 /* RCTVibration.xcodeproj */,
				139FDEE61B06529A00C62182 /* RCTWebSocket.xcodeproj */,
			);
			name = Libraries;
			sourceTree = "<group>";
		};
		832341B11AAA6A8300B99B32 /* Products */ = {
			isa = PBXGroup;
			children = (
				832341B51AAA6A8300B99B32 /* libRCTText.a */,
				3DAD3E941DF850E9000B6D8A /* libRCTText-tvOS.a */,
			);
			name = Products;
			sourceTree = "<group>";
		};
		83CBB9F61A601CBA00E9B192 = {
			isa = PBXGroup;
			children = (
				13B07FAE1A68108700A75B9A /* nizamiRN */,
				832341AE1AAA6A7D00B99B32 /* Libraries */,
				00E356EF1AD99517003FC87E /* nizamiRNTests */,
				83CBBA001A601CBA00E9B192 /* Products */,
				2D16E6871FA4F8E400B85C8A /* Frameworks */,
				9038943620FE4BAFBDE972A1 /* Resources */,
			);
			indentWidth = 2;
			sourceTree = "<group>";
			tabWidth = 2;
			usesTabs = 0;
		};
		83CBBA001A601CBA00E9B192 /* Products */ = {
			isa = PBXGroup;
			children = (
				13B07F961A680F5B00A75B9A /* nizamiRN.app */,
				00E356EE1AD99517003FC87E /* nizamiRNTests.xctest */,
				2D02E47B1E0B4A5D006451C7 /* nizamiRN-tvOS.app */,
				2D02E4901E0B4A5D006451C7 /* nizamiRN-tvOSTests.xctest */,
			);
			name = Products;
			sourceTree = "<group>";
		};
		ADBDB9201DFEBF0600ED6528 /* Products */ = {
			isa = PBXGroup;
			children = (
				ADBDB9271DFEBF0700ED6528 /* libRCTBlob.a */,
				2D16E6721FA4F8DC00B85C8A /* libRCTBlob-tvOS.a */,
			);
			name = Products;
			sourceTree = "<group>";
		};
		9038943620FE4BAFBDE972A1 /* Resources */ = {
			isa = "PBXGroup";
			children = (
				EC2ED5EDFE5D4E26BC9C60AF /* Anglecia-Pro-Display.otf */,
				AF299560EBF74868ACF57926 /* Aileron-Black.otf */,
				62C650284CDD44748D717100 /* Aileron-BlackItalic.otf */,
				EE09C25A487C433386D2120F /* Aileron-Bold.otf */,
				90C54C273C5E4A51AF421F13 /* Aileron-BoldItalic.otf */,
				8975C075A4EC4291AD1D54BF /* Aileron-Heavy.otf */,
				66331476DCD04EE6B0E86993 /* Aileron-HeavyItalic.otf */,
				10480E554E364E879729B54C /* Aileron-Italic.otf */,
				478EC310C3364930B189A23E /* Aileron-Light.otf */,
				FB70C3119B9542E294B41B29 /* Aileron-LightItalic.otf */,
				AC0E7C309E764B9185FC8C08 /* Aileron-Regular.otf */,
				628D7E7E04654F9DB66743CC /* Aileron-SemiBold.otf */,
				50F42ABFAC3A45088313F1C2 /* Aileron-SemiBoldItalic.otf */,
				DF4F184EDF1E468F979DB3BC /* Aileron-Thin.otf */,
				FD6D3AEADF4A4CA8B6A75A44 /* Aileron-ThinItalic.otf */,
				8F7DE3244CD34E2AA189EDF2 /* Aileron-UltraLight.otf */,
				D30D7945471149C59FDA334D /* Aileron-UltraLightItalic.otf */,
				72F73E56D29A46CC832FC506 /* Gotham Condensed Black.otf */,
				A0A12AFEEEB14972933643E3 /* Gotham Condensed Bold.otf */,
				FB74E0B896384015972B3104 /* Gotham Condensed Book.otf */,
				B3A6BCC128124A15B5D92F6A /* Gotham Condensed Light.otf */,
				A9028C0B99C94DEBB38856A7 /* Gotham Condensed Medium.otf */,
				3B88086B143B43F0A5D0A0B4 /* Gotham Condensed Thin.otf */,
				D2B4B25B6B9143C39790A1CF /* Gotham Condensed Ultra.otf */,
				11791A49E6C5460DA75C51F9 /* Gotham Condensed XLight.otf */,
				061EDE4565B247CD9048050C /* Gotham XNarrow Black.otf */,
				AC5F620EF90D4380894317BF /* Gotham XNarrow Bold.otf */,
				CCAAF78C1A8D4AECBEF4C8C0 /* Gotham XNarrow Book.otf */,
				84C1F5A420704FF58A5E9395 /* Gotham XNarrow Light.otf */,
				8039649063CF4AA6ABF2ED7C /* Gotham XNarrow Medium.otf */,
				C26C0B8B01D947E48C883D8A /* Gotham XNarrow Thin.otf */,
				639D4AACA6924725AF4582CE /* Gotham XNarrow Ultra.otf */,
				40A09003A2374FB39276E56B /* Gotham XNarrow XLight.otf */,
				C0AC1949AAAD49FD8934A261 /* GothamNarrow-Bold.otf */,
				43802F6EA6DD4670842B6CD6 /* GothamNarrow-Book.otf */,
				C3D5B1677D24490C939B5924 /* GothamNarrow-Light.otf */,
				B51D18C4BDEF4F8AABE19816 /* GothamNarrow-Thin.otf */,
				EC131F1B6B7E4F5C9F0F1921 /* Gotham Narrow Black.otf */,
				9703688510F34858B551DE16 /* Gotham Narrow Bold.otf */,
				DCD25155673A4B45988E0272 /* Gotham Narrow Book.otf */,
				2D1FD4EFDDF64A87BF7A3FA3 /* Gotham Narrow Light.otf */,
				5673034469654A9DB40D18F4 /* Gotham Narrow Medium.otf */,
				E2681EFE6BCF40C08FE7AEFD /* Gotham Narrow Thin.otf */,
				89E2C70A78654C6AA76BA376 /* Gotham Narrow Ultra.otf */,
				738811D6F7A74F4CA5731ACF /* Gotham Narrow XLight.otf */,
				CC6F72E2CF7B411380A42D21 /* Gotham Black.otf */,
				5F627363BA9943FDB416B969 /* Gotham Bold.otf */,
				045DFF4011F14904B986B1B4 /* Gotham Book.otf */,
				844DDDFF860847D487FCABE6 /* Gotham Light.otf */,
				0CD7430E084D4A5AB7C22D72 /* Gotham Medium.otf */,
				D8A3ADB797A141C7820CF623 /* Gotham Thin.otf */,
				3326376E36D9406FB5E63E52 /* Gotham Ultra.otf */,
				E41509090CBC4A8F99E5862C /* Gotham XLight.otf */,
				ECECAE7981D14E1590610E1B /* ArialNU.otf */,
				1E8BD5E4E82D47AAA7439B11 /* Antonio-Bold.otf */,
				73B2BE7ED0AA4EEEB78CA3CD /* Antonio-Light.otf */,
				54C6F071DAE04334A676BFB3 /* Antonio-Regular.otf */,
				421274D8673643789E49C5DC /* Antonio_bold.otf */,
				83FD863A9F2A406CB394F84B /* Antonio_light.otf */,
				D8CAC7740C1C4D39B6AF0402 /* Antonio.otf */,
				FB150880B75A4EE4956E903A /* DINPro-Bold.ttf */,
				8524BD934FDA4C74B277D9CD /* DINPro-Medium.ttf */,
				8F889285881849B39AD35DE3 /* DINPro.ttf */,
				A2418B09A2D2409184A19E27 /* DINPro_bold.ttf */,
				4E5C234D93AD45C58FD6111A /* DINPro_medium.ttf */,
			);
			name = Resources;
			sourceTree = "<group>";
			path = "";
		};
/* End PBXGroup section */

/* Begin PBXNativeTarget section */
		00E356ED1AD99517003FC87E /* nizamiRNTests */ = {
			isa = PBXNativeTarget;
			buildConfigurationList = 00E357021AD99517003FC87E /* Build configuration list for PBXNativeTarget "nizamiRNTests" */;
			buildPhases = (
				00E356EA1AD99517003FC87E /* Sources */,
				00E356EB1AD99517003FC87E /* Frameworks */,
				00E356EC1AD99517003FC87E /* Resources */,
			);
			buildRules = (
			);
			dependencies = (
				00E356F51AD99517003FC87E /* PBXTargetDependency */,
			);
			name = nizamiRNTests;
			productName = nizamiRNTests;
			productReference = 00E356EE1AD99517003FC87E /* nizamiRNTests.xctest */;
			productType = "com.apple.product-type.bundle.unit-test";
		};
		13B07F861A680F5B00A75B9A /* nizamiRN */ = {
			isa = PBXNativeTarget;
			buildConfigurationList = 13B07F931A680F5B00A75B9A /* Build configuration list for PBXNativeTarget "nizamiRN" */;
			buildPhases = (
				13B07F871A680F5B00A75B9A /* Sources */,
				13B07F8C1A680F5B00A75B9A /* Frameworks */,
				13B07F8E1A680F5B00A75B9A /* Resources */,
				00DD1BFF1BD5951E006B06BC /* Bundle React Native code and images */,
			);
			buildRules = (
			);
			dependencies = (
			);
			name = nizamiRN;
			productName = "Hello World";
			productReference = 13B07F961A680F5B00A75B9A /* nizamiRN.app */;
			productType = "com.apple.product-type.application";
		};
		2D02E47A1E0B4A5D006451C7 /* nizamiRN-tvOS */ = {
			isa = PBXNativeTarget;
			buildConfigurationList = 2D02E4BA1E0B4A5E006451C7 /* Build configuration list for PBXNativeTarget "nizamiRN-tvOS" */;
			buildPhases = (
				2D02E4771E0B4A5D006451C7 /* Sources */,
				2D02E4781E0B4A5D006451C7 /* Frameworks */,
				2D02E4791E0B4A5D006451C7 /* Resources */,
				2D02E4CB1E0B4B27006451C7 /* Bundle React Native Code And Images */,
			);
			buildRules = (
			);
			dependencies = (
			);
			name = "nizamiRN-tvOS";
			productName = "nizamiRN-tvOS";
			productReference = 2D02E47B1E0B4A5D006451C7 /* nizamiRN-tvOS.app */;
			productType = "com.apple.product-type.application";
		};
		2D02E48F1E0B4A5D006451C7 /* nizamiRN-tvOSTests */ = {
			isa = PBXNativeTarget;
			buildConfigurationList = 2D02E4BB1E0B4A5E006451C7 /* Build configuration list for PBXNativeTarget "nizamiRN-tvOSTests" */;
			buildPhases = (
				2D02E48C1E0B4A5D006451C7 /* Sources */,
				2D02E48D1E0B4A5D006451C7 /* Frameworks */,
				2D02E48E1E0B4A5D006451C7 /* Resources */,
			);
			buildRules = (
			);
			dependencies = (
				2D02E4921E0B4A5D006451C7 /* PBXTargetDependency */,
			);
			name = "nizamiRN-tvOSTests";
			productName = "nizamiRN-tvOSTests";
			productReference = 2D02E4901E0B4A5D006451C7 /* nizamiRN-tvOSTests.xctest */;
			productType = "com.apple.product-type.bundle.unit-test";
		};
/* End PBXNativeTarget section */

/* Begin PBXProject section */
		83CBB9F71A601CBA00E9B192 /* Project object */ = {
			isa = PBXProject;
			attributes = {
				LastUpgradeCheck = 610;
				ORGANIZATIONNAME = Facebook;
				TargetAttributes = {
					00E356ED1AD99517003FC87E = {
						CreatedOnToolsVersion = 6.2;
						TestTargetID = 13B07F861A680F5B00A75B9A;
					};
					2D02E47A1E0B4A5D006451C7 = {
						CreatedOnToolsVersion = 8.2.1;
						ProvisioningStyle = Automatic;
					};
					2D02E48F1E0B4A5D006451C7 = {
						CreatedOnToolsVersion = 8.2.1;
						ProvisioningStyle = Automatic;
						TestTargetID = 2D02E47A1E0B4A5D006451C7;
					};
				};
			};
			buildConfigurationList = 83CBB9FA1A601CBA00E9B192 /* Build configuration list for PBXProject "nizamiRN" */;
			compatibilityVersion = "Xcode 3.2";
			developmentRegion = English;
			hasScannedForEncodings = 0;
			knownRegions = (
				en,
				Base,
			);
			mainGroup = 83CBB9F61A601CBA00E9B192;
			productRefGroup = 83CBBA001A601CBA00E9B192 /* Products */;
			projectDirPath = "";
			projectReferences = (
				{
					ProductGroup = 00C302A81ABCB8CE00DB3ED1 /* Products */;
					ProjectRef = 00C302A71ABCB8CE00DB3ED1 /* RCTActionSheet.xcodeproj */;
				},
				{
					ProductGroup = 5E91572E1DD0AC6500FF2AA8 /* Products */;
					ProjectRef = 5E91572D1DD0AC6500FF2AA8 /* RCTAnimation.xcodeproj */;
				},
				{
					ProductGroup = ADBDB9201DFEBF0600ED6528 /* Products */;
					ProjectRef = ADBDB91F1DFEBF0600ED6528 /* RCTBlob.xcodeproj */;
				},
				{
					ProductGroup = 00C302B61ABCB90400DB3ED1 /* Products */;
					ProjectRef = 00C302B51ABCB90400DB3ED1 /* RCTGeolocation.xcodeproj */;
				},
				{
					ProductGroup = 00C302BC1ABCB91800DB3ED1 /* Products */;
					ProjectRef = 00C302BB1ABCB91800DB3ED1 /* RCTImage.xcodeproj */;
				},
				{
					ProductGroup = 78C398B11ACF4ADC00677621 /* Products */;
					ProjectRef = 78C398B01ACF4ADC00677621 /* RCTLinking.xcodeproj */;
				},
				{
					ProductGroup = 00C302D41ABCB9D200DB3ED1 /* Products */;
					ProjectRef = 00C302D31ABCB9D200DB3ED1 /* RCTNetwork.xcodeproj */;
				},
				{
					ProductGroup = 139105B71AF99BAD00B5F7CC /* Products */;
					ProjectRef = 139105B61AF99BAD00B5F7CC /* RCTSettings.xcodeproj */;
				},
				{
					ProductGroup = 832341B11AAA6A8300B99B32 /* Products */;
					ProjectRef = 832341B01AAA6A8300B99B32 /* RCTText.xcodeproj */;
				},
				{
					ProductGroup = 00C302E01ABCB9EE00DB3ED1 /* Products */;
					ProjectRef = 00C302DF1ABCB9EE00DB3ED1 /* RCTVibration.xcodeproj */;
				},
				{
					ProductGroup = 139FDEE71B06529A00C62182 /* Products */;
					ProjectRef = 139FDEE61B06529A00C62182 /* RCTWebSocket.xcodeproj */;
				},
				{
					ProductGroup = 146834001AC3E56700842450 /* Products */;
					ProjectRef = 146833FF1AC3E56700842450 /* React.xcodeproj */;
				},
			);
			projectRoot = "";
			targets = (
				13B07F861A680F5B00A75B9A /* nizamiRN */,
				00E356ED1AD99517003FC87E /* nizamiRNTests */,
				2D02E47A1E0B4A5D006451C7 /* nizamiRN-tvOS */,
				2D02E48F1E0B4A5D006451C7 /* nizamiRN-tvOSTests */,
			);
		};
/* End PBXProject section */

/* Begin PBXReferenceProxy section */
		00C302AC1ABCB8CE00DB3ED1 /* libRCTActionSheet.a */ = {
			isa = PBXReferenceProxy;
			fileType = archive.ar;
			path = libRCTActionSheet.a;
			remoteRef = 00C302AB1ABCB8CE00DB3ED1 /* PBXContainerItemProxy */;
			sourceTree = BUILT_PRODUCTS_DIR;
		};
		00C302BA1ABCB90400DB3ED1 /* libRCTGeolocation.a */ = {
			isa = PBXReferenceProxy;
			fileType = archive.ar;
			path = libRCTGeolocation.a;
			remoteRef = 00C302B91ABCB90400DB3ED1 /* PBXContainerItemProxy */;
			sourceTree = BUILT_PRODUCTS_DIR;
		};
		00C302C01ABCB91800DB3ED1 /* libRCTImage.a */ = {
			isa = PBXReferenceProxy;
			fileType = archive.ar;
			path = libRCTImage.a;
			remoteRef = 00C302BF1ABCB91800DB3ED1 /* PBXContainerItemProxy */;
			sourceTree = BUILT_PRODUCTS_DIR;
		};
		00C302DC1ABCB9D200DB3ED1 /* libRCTNetwork.a */ = {
			isa = PBXReferenceProxy;
			fileType = archive.ar;
			path = libRCTNetwork.a;
			remoteRef = 00C302DB1ABCB9D200DB3ED1 /* PBXContainerItemProxy */;
			sourceTree = BUILT_PRODUCTS_DIR;
		};
		00C302E41ABCB9EE00DB3ED1 /* libRCTVibration.a */ = {
			isa = PBXReferenceProxy;
			fileType = archive.ar;
			path = libRCTVibration.a;
			remoteRef = 00C302E31ABCB9EE00DB3ED1 /* PBXContainerItemProxy */;
			sourceTree = BUILT_PRODUCTS_DIR;
		};
		139105C11AF99BAD00B5F7CC /* libRCTSettings.a */ = {
			isa = PBXReferenceProxy;
			fileType = archive.ar;
			path = libRCTSettings.a;
			remoteRef = 139105C01AF99BAD00B5F7CC /* PBXContainerItemProxy */;
			sourceTree = BUILT_PRODUCTS_DIR;
		};
		139FDEF41B06529B00C62182 /* libRCTWebSocket.a */ = {
			isa = PBXReferenceProxy;
			fileType = archive.ar;
			path = libRCTWebSocket.a;
			remoteRef = 139FDEF31B06529B00C62182 /* PBXContainerItemProxy */;
			sourceTree = BUILT_PRODUCTS_DIR;
		};
		146834041AC3E56700842450 /* libReact.a */ = {
			isa = PBXReferenceProxy;
			fileType = archive.ar;
			path = libReact.a;
			remoteRef = 146834031AC3E56700842450 /* PBXContainerItemProxy */;
			sourceTree = BUILT_PRODUCTS_DIR;
		};
		2D16E6721FA4F8DC00B85C8A /* libRCTBlob-tvOS.a */ = {
			isa = PBXReferenceProxy;
			fileType = archive.ar;
			path = "libRCTBlob-tvOS.a";
			remoteRef = 2D16E6711FA4F8DC00B85C8A /* PBXContainerItemProxy */;
			sourceTree = BUILT_PRODUCTS_DIR;
		};
		2D16E6841FA4F8DC00B85C8A /* libfishhook.a */ = {
			isa = PBXReferenceProxy;
			fileType = archive.ar;
			path = libfishhook.a;
			remoteRef = 2D16E6831FA4F8DC00B85C8A /* PBXContainerItemProxy */;
			sourceTree = BUILT_PRODUCTS_DIR;
		};
		2D16E6861FA4F8DC00B85C8A /* libfishhook-tvOS.a */ = {
			isa = PBXReferenceProxy;
			fileType = archive.ar;
			path = "libfishhook-tvOS.a";
			remoteRef = 2D16E6851FA4F8DC00B85C8A /* PBXContainerItemProxy */;
			sourceTree = BUILT_PRODUCTS_DIR;
		};
		2DF0FFDF2056DD460020B375 /* libjsinspector.a */ = {
			isa = PBXReferenceProxy;
			fileType = archive.ar;
			path = libjsinspector.a;
			remoteRef = 2DF0FFDE2056DD460020B375 /* PBXContainerItemProxy */;
			sourceTree = BUILT_PRODUCTS_DIR;
		};
		2DF0FFE12056DD460020B375 /* libjsinspector-tvOS.a */ = {
			isa = PBXReferenceProxy;
			fileType = archive.ar;
			path = "libjsinspector-tvOS.a";
			remoteRef = 2DF0FFE02056DD460020B375 /* PBXContainerItemProxy */;
			sourceTree = BUILT_PRODUCTS_DIR;
		};
		2DF0FFE32056DD460020B375 /* libthird-party.a */ = {
			isa = PBXReferenceProxy;
			fileType = archive.ar;
			path = "libthird-party.a";
			remoteRef = 2DF0FFE22056DD460020B375 /* PBXContainerItemProxy */;
			sourceTree = BUILT_PRODUCTS_DIR;
		};
		2DF0FFE52056DD460020B375 /* libthird-party.a */ = {
			isa = PBXReferenceProxy;
			fileType = archive.ar;
			path = "libthird-party.a";
			remoteRef = 2DF0FFE42056DD460020B375 /* PBXContainerItemProxy */;
			sourceTree = BUILT_PRODUCTS_DIR;
		};
		2DF0FFE72056DD460020B375 /* libdouble-conversion.a */ = {
			isa = PBXReferenceProxy;
			fileType = archive.ar;
			path = "libdouble-conversion.a";
			remoteRef = 2DF0FFE62056DD460020B375 /* PBXContainerItemProxy */;
			sourceTree = BUILT_PRODUCTS_DIR;
		};
		2DF0FFE92056DD460020B375 /* libdouble-conversion.a */ = {
			isa = PBXReferenceProxy;
			fileType = archive.ar;
			path = "libdouble-conversion.a";
			remoteRef = 2DF0FFE82056DD460020B375 /* PBXContainerItemProxy */;
			sourceTree = BUILT_PRODUCTS_DIR;
		};
		2DF0FFEB2056DD460020B375 /* libprivatedata.a */ = {
			isa = PBXReferenceProxy;
			fileType = archive.ar;
			path = libprivatedata.a;
			remoteRef = 2DF0FFEA2056DD460020B375 /* PBXContainerItemProxy */;
			sourceTree = BUILT_PRODUCTS_DIR;
		};
		2DF0FFED2056DD460020B375 /* libprivatedata-tvOS.a */ = {
			isa = PBXReferenceProxy;
			fileType = archive.ar;
			path = "libprivatedata-tvOS.a";
			remoteRef = 2DF0FFEC2056DD460020B375 /* PBXContainerItemProxy */;
			sourceTree = BUILT_PRODUCTS_DIR;
		};
		3DAD3E841DF850E9000B6D8A /* libRCTImage-tvOS.a */ = {
			isa = PBXReferenceProxy;
			fileType = archive.ar;
			path = "libRCTImage-tvOS.a";
			remoteRef = 3DAD3E831DF850E9000B6D8A /* PBXContainerItemProxy */;
			sourceTree = BUILT_PRODUCTS_DIR;
		};
		3DAD3E881DF850E9000B6D8A /* libRCTLinking-tvOS.a */ = {
			isa = PBXReferenceProxy;
			fileType = archive.ar;
			path = "libRCTLinking-tvOS.a";
			remoteRef = 3DAD3E871DF850E9000B6D8A /* PBXContainerItemProxy */;
			sourceTree = BUILT_PRODUCTS_DIR;
		};
		3DAD3E8C1DF850E9000B6D8A /* libRCTNetwork-tvOS.a */ = {
			isa = PBXReferenceProxy;
			fileType = archive.ar;
			path = "libRCTNetwork-tvOS.a";
			remoteRef = 3DAD3E8B1DF850E9000B6D8A /* PBXContainerItemProxy */;
			sourceTree = BUILT_PRODUCTS_DIR;
		};
		3DAD3E901DF850E9000B6D8A /* libRCTSettings-tvOS.a */ = {
			isa = PBXReferenceProxy;
			fileType = archive.ar;
			path = "libRCTSettings-tvOS.a";
			remoteRef = 3DAD3E8F1DF850E9000B6D8A /* PBXContainerItemProxy */;
			sourceTree = BUILT_PRODUCTS_DIR;
		};
		3DAD3E941DF850E9000B6D8A /* libRCTText-tvOS.a */ = {
			isa = PBXReferenceProxy;
			fileType = archive.ar;
			path = "libRCTText-tvOS.a";
			remoteRef = 3DAD3E931DF850E9000B6D8A /* PBXContainerItemProxy */;
			sourceTree = BUILT_PRODUCTS_DIR;
		};
		3DAD3E991DF850E9000B6D8A /* libRCTWebSocket-tvOS.a */ = {
			isa = PBXReferenceProxy;
			fileType = archive.ar;
			path = "libRCTWebSocket-tvOS.a";
			remoteRef = 3DAD3E981DF850E9000B6D8A /* PBXContainerItemProxy */;
			sourceTree = BUILT_PRODUCTS_DIR;
		};
		3DAD3EA31DF850E9000B6D8A /* libReact.a */ = {
			isa = PBXReferenceProxy;
			fileType = archive.ar;
			path = libReact.a;
			remoteRef = 3DAD3EA21DF850E9000B6D8A /* PBXContainerItemProxy */;
			sourceTree = BUILT_PRODUCTS_DIR;
		};
		3DAD3EA51DF850E9000B6D8A /* libyoga.a */ = {
			isa = PBXReferenceProxy;
			fileType = archive.ar;
			path = libyoga.a;
			remoteRef = 3DAD3EA41DF850E9000B6D8A /* PBXContainerItemProxy */;
			sourceTree = BUILT_PRODUCTS_DIR;
		};
		3DAD3EA71DF850E9000B6D8A /* libyoga.a */ = {
			isa = PBXReferenceProxy;
			fileType = archive.ar;
			path = libyoga.a;
			remoteRef = 3DAD3EA61DF850E9000B6D8A /* PBXContainerItemProxy */;
			sourceTree = BUILT_PRODUCTS_DIR;
		};
		3DAD3EA91DF850E9000B6D8A /* libcxxreact.a */ = {
			isa = PBXReferenceProxy;
			fileType = archive.ar;
			path = libcxxreact.a;
			remoteRef = 3DAD3EA81DF850E9000B6D8A /* PBXContainerItemProxy */;
			sourceTree = BUILT_PRODUCTS_DIR;
		};
		3DAD3EAB1DF850E9000B6D8A /* libcxxreact.a */ = {
			isa = PBXReferenceProxy;
			fileType = archive.ar;
			path = libcxxreact.a;
			remoteRef = 3DAD3EAA1DF850E9000B6D8A /* PBXContainerItemProxy */;
			sourceTree = BUILT_PRODUCTS_DIR;
		};
		3DAD3EAD1DF850E9000B6D8A /* libjschelpers.a */ = {
			isa = PBXReferenceProxy;
			fileType = archive.ar;
			path = libjschelpers.a;
			remoteRef = 3DAD3EAC1DF850E9000B6D8A /* PBXContainerItemProxy */;
			sourceTree = BUILT_PRODUCTS_DIR;
		};
		3DAD3EAF1DF850E9000B6D8A /* libjschelpers.a */ = {
			isa = PBXReferenceProxy;
			fileType = archive.ar;
			path = libjschelpers.a;
			remoteRef = 3DAD3EAE1DF850E9000B6D8A /* PBXContainerItemProxy */;
			sourceTree = BUILT_PRODUCTS_DIR;
		};
		5E9157331DD0AC6500FF2AA8 /* libRCTAnimation.a */ = {
			isa = PBXReferenceProxy;
			fileType = archive.ar;
			path = libRCTAnimation.a;
			remoteRef = 5E9157321DD0AC6500FF2AA8 /* PBXContainerItemProxy */;
			sourceTree = BUILT_PRODUCTS_DIR;
		};
		5E9157351DD0AC6500FF2AA8 /* libRCTAnimation.a */ = {
			isa = PBXReferenceProxy;
			fileType = archive.ar;
			path = libRCTAnimation.a;
			remoteRef = 5E9157341DD0AC6500FF2AA8 /* PBXContainerItemProxy */;
			sourceTree = BUILT_PRODUCTS_DIR;
		};
		78C398B91ACF4ADC00677621 /* libRCTLinking.a */ = {
			isa = PBXReferenceProxy;
			fileType = archive.ar;
			path = libRCTLinking.a;
			remoteRef = 78C398B81ACF4ADC00677621 /* PBXContainerItemProxy */;
			sourceTree = BUILT_PRODUCTS_DIR;
		};
		832341B51AAA6A8300B99B32 /* libRCTText.a */ = {
			isa = PBXReferenceProxy;
			fileType = archive.ar;
			path = libRCTText.a;
			remoteRef = 832341B41AAA6A8300B99B32 /* PBXContainerItemProxy */;
			sourceTree = BUILT_PRODUCTS_DIR;
		};
		ADBDB9271DFEBF0700ED6528 /* libRCTBlob.a */ = {
			isa = PBXReferenceProxy;
			fileType = archive.ar;
			path = libRCTBlob.a;
			remoteRef = ADBDB9261DFEBF0700ED6528 /* PBXContainerItemProxy */;
			sourceTree = BUILT_PRODUCTS_DIR;
		};
/* End PBXReferenceProxy section */

/* Begin PBXResourcesBuildPhase section */
		00E356EC1AD99517003FC87E /* Resources */ = {
			isa = PBXResourcesBuildPhase;
			buildActionMask = 2147483647;
			files = (
			);
			runOnlyForDeploymentPostprocessing = 0;
		};
		13B07F8E1A680F5B00A75B9A /* Resources */ = {
			isa = PBXResourcesBuildPhase;
			buildActionMask = 2147483647;
			files = (
				13B07FBF1A68108700A75B9A /* Images.xcassets in Resources */,
				13B07FBD1A68108700A75B9A /* LaunchScreen.xib in Resources */,
				14591EB7BE1F405391989CCB /* Anglecia-Pro-Display.otf in Resources */,
				B6168E8D269346B589168365 /* Aileron-Black.otf in Resources */,
				33B232B0670D4A4DA35831FC /* Aileron-BlackItalic.otf in Resources */,
				C5BC3A1CFDA0419BAF8627EC /* Aileron-Bold.otf in Resources */,
				3FD3EAA9C65842458C11F27E /* Aileron-BoldItalic.otf in Resources */,
				DB45D31644FF4DE5B111FBAE /* Aileron-Heavy.otf in Resources */,
				DCB9B15D943A42ECB7257CDA /* Aileron-HeavyItalic.otf in Resources */,
				EB7C6BF7A89F4ADF93446F9F /* Aileron-Italic.otf in Resources */,
				6A648E887C3D46648DFF17EA /* Aileron-Light.otf in Resources */,
				30ED1596DA7C4F58BE3722D7 /* Aileron-LightItalic.otf in Resources */,
				434DD930A0FF4771BA8886F7 /* Aileron-Regular.otf in Resources */,
				63A362A5E1C147D3A2478814 /* Aileron-SemiBold.otf in Resources */,
				2A87C907FED940EBA1D6B77A /* Aileron-SemiBoldItalic.otf in Resources */,
				3F0457A2B3C146A79966FC07 /* Aileron-Thin.otf in Resources */,
				F75D280249A9487091F15756 /* Aileron-ThinItalic.otf in Resources */,
				EE5321EDCE834A6F89AD1B7F /* Aileron-UltraLight.otf in Resources */,
				00168915BDDA4915B43D3496 /* Aileron-UltraLightItalic.otf in Resources */,
				5F3E39FA1A7F4B6FB63D0E5D /* Gotham Condensed Black.otf in Resources */,
				FC0C39A777C240D5AA117A41 /* Gotham Condensed Bold.otf in Resources */,
				7E96009041BE421F9D5B312A /* Gotham Condensed Book.otf in Resources */,
				076363D538854DF9AB220E55 /* Gotham Condensed Light.otf in Resources */,
				47FACD2DF6EA4B74BFCD5C39 /* Gotham Condensed Medium.otf in Resources */,
				94309ED1FFBD4CA6ACB561D4 /* Gotham Condensed Thin.otf in Resources */,
				63D106916ED04F398D713564 /* Gotham Condensed Ultra.otf in Resources */,
				DC7EE7EF72544BD081BEF1AC /* Gotham Condensed XLight.otf in Resources */,
				59FFD203A2B8435EAEE974B5 /* Gotham XNarrow Black.otf in Resources */,
				5B33E858E49A405EAD1B2F55 /* Gotham XNarrow Bold.otf in Resources */,
				AA44756EBA4B4C5E96C17675 /* Gotham XNarrow Book.otf in Resources */,
				C7A6141161044C44BDCEF826 /* Gotham XNarrow Light.otf in Resources */,
				ED5A9B2F623F40C3A8A6871B /* Gotham XNarrow Medium.otf in Resources */,
				928499249F994518B1F351D0 /* Gotham XNarrow Thin.otf in Resources */,
				22388F87CBC54236A2745BC3 /* Gotham XNarrow Ultra.otf in Resources */,
				E42AD18DD1B8481EAB19E8C7 /* Gotham XNarrow XLight.otf in Resources */,
				A14D7534DB354E91830C3D27 /* GothamNarrow-Bold.otf in Resources */,
				B897F358A3084595B03BA8C1 /* GothamNarrow-Book.otf in Resources */,
				1DDBCF123D554D13809550BF /* GothamNarrow-Light.otf in Resources */,
				9BD76E98ED2E4DD9BD2985C0 /* GothamNarrow-Thin.otf in Resources */,
				D0473686605C4026A532F838 /* Gotham Narrow Black.otf in Resources */,
				3ECB78E52D884C49830E6CCD /* Gotham Narrow Bold.otf in Resources */,
				7F134CDF131D4AE29F3E1229 /* Gotham Narrow Book.otf in Resources */,
				D736A42C0C134920B894A1D3 /* Gotham Narrow Light.otf in Resources */,
				AE26178364A74EBA8983D180 /* Gotham Narrow Medium.otf in Resources */,
				E28F13E5590E4B0D89156656 /* Gotham Narrow Thin.otf in Resources */,
				5AB4652777AC430C9BD9F5D1 /* Gotham Narrow Ultra.otf in Resources */,
				D0E80041086E4ACE8EB64B81 /* Gotham Narrow XLight.otf in Resources */,
				F62BACCFDA574B938A3559F8 /* Gotham Black.otf in Resources */,
				46A722D179C4432DBECC1D91 /* Gotham Bold.otf in Resources */,
				9AFD5EE3158249BE921DE3D2 /* Gotham Book.otf in Resources */,
				B946C3B91CC043CFB0B204D5 /* Gotham Light.otf in Resources */,
				756587BC706648519A2F0BC1 /* Gotham Medium.otf in Resources */,
				51BD39EA9D6B482CA3ED97EE /* Gotham Thin.otf in Resources */,
				ECDD9785FE8144528789C470 /* Gotham Ultra.otf in Resources */,
				4667A5FA0DBB4BF8975FAED1 /* Gotham XLight.otf in Resources */,
				E478E7442C864A7483F246BE /* ArialNU.otf in Resources */,
				655D650A96C94E83B88ACA4E /* Antonio-Bold.otf in Resources */,
				C23444F19E37494889002BB8 /* Antonio-Light.otf in Resources */,
				1098E11A7CEB436BA01CE1AE /* Antonio-Regular.otf in Resources */,
				48ABB28B289F4AB4A8E969BA /* Antonio_bold.otf in Resources */,
				B9090A25BF0E48C6AB67CCB2 /* Antonio_light.otf in Resources */,
				435346E02C5C49B29A0FFED1 /* Antonio.otf in Resources */,
				3C2F2CF4D2C74EC2A206F398 /* DINPro-Bold.ttf in Resources */,
				DB7E31A3B0844EBE9B24443B /* DINPro-Medium.ttf in Resources */,
				756B78EA6C76484AABC564ED /* DINPro.ttf in Resources */,
				9FD41D0F260248ED80068FFB /* DINPro_bold.ttf in Resources */,
				1852581C1AC74BEAAC3533F1 /* DINPro_medium.ttf in Resources */,
			);
			runOnlyForDeploymentPostprocessing = 0;
		};
		2D02E4791E0B4A5D006451C7 /* Resources */ = {
			isa = PBXResourcesBuildPhase;
			buildActionMask = 2147483647;
			files = (
				2D02E4BD1E0B4A84006451C7 /* Images.xcassets in Resources */,
			);
			runOnlyForDeploymentPostprocessing = 0;
		};
		2D02E48E1E0B4A5D006451C7 /* Resources */ = {
			isa = PBXResourcesBuildPhase;
			buildActionMask = 2147483647;
			files = (
			);
			runOnlyForDeploymentPostprocessing = 0;
		};
/* End PBXResourcesBuildPhase section */

/* Begin PBXShellScriptBuildPhase section */
		00DD1BFF1BD5951E006B06BC /* Bundle React Native code and images */ = {
			isa = PBXShellScriptBuildPhase;
			buildActionMask = 2147483647;
			files = (
			);
			inputPaths = (
			);
			name = "Bundle React Native code and images";
			outputPaths = (
			);
			runOnlyForDeploymentPostprocessing = 0;
			shellPath = /bin/sh;
			shellScript = "export NODE_BINARY=node\n../node_modules/react-native/scripts/react-native-xcode.sh";
		};
		2D02E4CB1E0B4B27006451C7 /* Bundle React Native Code And Images */ = {
			isa = PBXShellScriptBuildPhase;
			buildActionMask = 2147483647;
			files = (
			);
			inputPaths = (
			);
			name = "Bundle React Native Code And Images";
			outputPaths = (
			);
			runOnlyForDeploymentPostprocessing = 0;
			shellPath = /bin/sh;
			shellScript = "export NODE_BINARY=node\n../node_modules/react-native/scripts/react-native-xcode.sh";
		};
/* End PBXShellScriptBuildPhase section */

/* Begin PBXSourcesBuildPhase section */
		00E356EA1AD99517003FC87E /* Sources */ = {
			isa = PBXSourcesBuildPhase;
			buildActionMask = 2147483647;
			files = (
				00E356F31AD99517003FC87E /* nizamiRNTests.m in Sources */,
			);
			runOnlyForDeploymentPostprocessing = 0;
		};
		13B07F871A680F5B00A75B9A /* Sources */ = {
			isa = PBXSourcesBuildPhase;
			buildActionMask = 2147483647;
			files = (
				13B07FBC1A68108700A75B9A /* AppDelegate.m in Sources */,
				13B07FC11A68108700A75B9A /* main.m in Sources */,
			);
			runOnlyForDeploymentPostprocessing = 0;
		};
		2D02E4771E0B4A5D006451C7 /* Sources */ = {
			isa = PBXSourcesBuildPhase;
			buildActionMask = 2147483647;
			files = (
				2D02E4BF1E0B4AB3006451C7 /* main.m in Sources */,
				2D02E4BC1E0B4A80006451C7 /* AppDelegate.m in Sources */,
			);
			runOnlyForDeploymentPostprocessing = 0;
		};
		2D02E48C1E0B4A5D006451C7 /* Sources */ = {
			isa = PBXSourcesBuildPhase;
			buildActionMask = 2147483647;
			files = (
				2DCD954D1E0B4F2C00145EB5 /* nizamiRNTests.m in Sources */,
			);
			runOnlyForDeploymentPostprocessing = 0;
		};
/* End PBXSourcesBuildPhase section */

/* Begin PBXTargetDependency section */
		00E356F51AD99517003FC87E /* PBXTargetDependency */ = {
			isa = PBXTargetDependency;
			target = 13B07F861A680F5B00A75B9A /* nizamiRN */;
			targetProxy = 00E356F41AD99517003FC87E /* PBXContainerItemProxy */;
		};
		2D02E4921E0B4A5D006451C7 /* PBXTargetDependency */ = {
			isa = PBXTargetDependency;
			target = 2D02E47A1E0B4A5D006451C7 /* nizamiRN-tvOS */;
			targetProxy = 2D02E4911E0B4A5D006451C7 /* PBXContainerItemProxy */;
		};
/* End PBXTargetDependency section */

/* Begin PBXVariantGroup section */
		13B07FB11A68108700A75B9A /* LaunchScreen.xib */ = {
			isa = PBXVariantGroup;
			children = (
				13B07FB21A68108700A75B9A /* Base */,
			);
			name = LaunchScreen.xib;
			path = nizamiRN;
			sourceTree = "<group>";
		};
/* End PBXVariantGroup section */

/* Begin XCBuildConfiguration section */
		00E356F61AD99517003FC87E /* Debug */ = {
			isa = XCBuildConfiguration;
			buildSettings = {
				BUNDLE_LOADER = "$(TEST_HOST)";
				GCC_PREPROCESSOR_DEFINITIONS = (
					"DEBUG=1",
					"$(inherited)",
				);
				INFOPLIST_FILE = nizamiRNTests/Info.plist;
				IPHONEOS_DEPLOYMENT_TARGET = 9.0;
				LD_RUNPATH_SEARCH_PATHS = "$(inherited) @executable_path/Frameworks @loader_path/Frameworks";
				OTHER_LDFLAGS = (
					"-ObjC",
					"-lc++",
				);
				PRODUCT_NAME = "$(TARGET_NAME)";
				TEST_HOST = "$(BUILT_PRODUCTS_DIR)/nizamiRN.app/nizamiRN";
				LIBRARY_SEARCH_PATHS = (
					"$(inherited)",
				);
				HEADER_SEARCH_PATHS = (
					"$(inherited)",
				);
			};
			name = Debug;
		};
		00E356F71AD99517003FC87E /* Release */ = {
			isa = XCBuildConfiguration;
			buildSettings = {
				BUNDLE_LOADER = "$(TEST_HOST)";
				COPY_PHASE_STRIP = NO;
				INFOPLIST_FILE = nizamiRNTests/Info.plist;
				IPHONEOS_DEPLOYMENT_TARGET = 9.0;
				LD_RUNPATH_SEARCH_PATHS = "$(inherited) @executable_path/Frameworks @loader_path/Frameworks";
				OTHER_LDFLAGS = (
					"-ObjC",
					"-lc++",
				);
				PRODUCT_NAME = "$(TARGET_NAME)";
				TEST_HOST = "$(BUILT_PRODUCTS_DIR)/nizamiRN.app/nizamiRN";
				LIBRARY_SEARCH_PATHS = (
					"$(inherited)",
				);
				HEADER_SEARCH_PATHS = (
					"$(inherited)",
				);
			};
			name = Release;
		};
		13B07F941A680F5B00A75B9A /* Debug */ = {
			isa = XCBuildConfiguration;
			buildSettings = {
				ASSETCATALOG_COMPILER_APPICON_NAME = AppIcon;
				CURRENT_PROJECT_VERSION = 1;
				DEAD_CODE_STRIPPING = NO;
				INFOPLIST_FILE = nizamiRN/Info.plist;
				LD_RUNPATH_SEARCH_PATHS = "$(inherited) @executable_path/Frameworks";
				OTHER_LDFLAGS = (
					"$(inherited)",
					"-ObjC",
					"-lc++",
				);
				PRODUCT_NAME = nizamiRN;
				VERSIONING_SYSTEM = "apple-generic";
				HEADER_SEARCH_PATHS = (
					"$(inherited)",
				);
			};
			name = Debug;
		};
		13B07F951A680F5B00A75B9A /* Release */ = {
			isa = XCBuildConfiguration;
			buildSettings = {
				ASSETCATALOG_COMPILER_APPICON_NAME = AppIcon;
				CURRENT_PROJECT_VERSION = 1;
				INFOPLIST_FILE = nizamiRN/Info.plist;
				LD_RUNPATH_SEARCH_PATHS = "$(inherited) @executable_path/Frameworks";
				OTHER_LDFLAGS = (
					"$(inherited)",
					"-ObjC",
					"-lc++",
				);
				PRODUCT_NAME = nizamiRN;
				VERSIONING_SYSTEM = "apple-generic";
				HEADER_SEARCH_PATHS = (
					"$(inherited)",
				);
			};
			name = Release;
		};
		2D02E4971E0B4A5E006451C7 /* Debug */ = {
			isa = XCBuildConfiguration;
			buildSettings = {
				ASSETCATALOG_COMPILER_APPICON_NAME = "App Icon & Top Shelf Image";
				ASSETCATALOG_COMPILER_LAUNCHIMAGE_NAME = LaunchImage;
				CLANG_ANALYZER_NONNULL = YES;
				CLANG_WARN_DOCUMENTATION_COMMENTS = YES;
				CLANG_WARN_INFINITE_RECURSION = YES;
				CLANG_WARN_SUSPICIOUS_MOVE = YES;
				DEBUG_INFORMATION_FORMAT = dwarf;
				ENABLE_TESTABILITY = YES;
				GCC_NO_COMMON_BLOCKS = YES;
				INFOPLIST_FILE = "nizamiRN-tvOS/Info.plist";
				LD_RUNPATH_SEARCH_PATHS = "$(inherited) @executable_path/Frameworks";
				OTHER_LDFLAGS = (
					"-ObjC",
					"-lc++",
				);
				PRODUCT_BUNDLE_IDENTIFIER = "com.facebook.REACT.nizamiRN-tvOS";
				PRODUCT_NAME = "$(TARGET_NAME)";
				SDKROOT = appletvos;
				TARGETED_DEVICE_FAMILY = 3;
				TVOS_DEPLOYMENT_TARGET = 9.2;
				LIBRARY_SEARCH_PATHS = (
					"$(inherited)",
				);
				HEADER_SEARCH_PATHS = (
					"$(inherited)",
				);
			};
			name = Debug;
		};
		2D02E4981E0B4A5E006451C7 /* Release */ = {
			isa = XCBuildConfiguration;
			buildSettings = {
				ASSETCATALOG_COMPILER_APPICON_NAME = "App Icon & Top Shelf Image";
				ASSETCATALOG_COMPILER_LAUNCHIMAGE_NAME = LaunchImage;
				CLANG_ANALYZER_NONNULL = YES;
				CLANG_WARN_DOCUMENTATION_COMMENTS = YES;
				CLANG_WARN_INFINITE_RECURSION = YES;
				CLANG_WARN_SUSPICIOUS_MOVE = YES;
				COPY_PHASE_STRIP = NO;
				DEBUG_INFORMATION_FORMAT = "dwarf-with-dsym";
				GCC_NO_COMMON_BLOCKS = YES;
				INFOPLIST_FILE = "nizamiRN-tvOS/Info.plist";
				LD_RUNPATH_SEARCH_PATHS = "$(inherited) @executable_path/Frameworks";
				OTHER_LDFLAGS = (
					"-ObjC",
					"-lc++",
				);
				PRODUCT_BUNDLE_IDENTIFIER = "com.facebook.REACT.nizamiRN-tvOS";
				PRODUCT_NAME = "$(TARGET_NAME)";
				SDKROOT = appletvos;
				TARGETED_DEVICE_FAMILY = 3;
				TVOS_DEPLOYMENT_TARGET = 9.2;
				LIBRARY_SEARCH_PATHS = (
					"$(inherited)",
				);
				HEADER_SEARCH_PATHS = (
					"$(inherited)",
				);
			};
			name = Release;
		};
		2D02E4991E0B4A5E006451C7 /* Debug */ = {
			isa = XCBuildConfiguration;
			buildSettings = {
				BUNDLE_LOADER = "$(TEST_HOST)";
				CLANG_ANALYZER_NONNULL = YES;
				CLANG_WARN_DOCUMENTATION_COMMENTS = YES;
				CLANG_WARN_INFINITE_RECURSION = YES;
				CLANG_WARN_SUSPICIOUS_MOVE = YES;
				DEBUG_INFORMATION_FORMAT = dwarf;
				ENABLE_TESTABILITY = YES;
				GCC_NO_COMMON_BLOCKS = YES;
				INFOPLIST_FILE = "nizamiRN-tvOSTests/Info.plist";
				LD_RUNPATH_SEARCH_PATHS = "$(inherited) @executable_path/Frameworks @loader_path/Frameworks";
				OTHER_LDFLAGS = (
					"-ObjC",
					"-lc++",
				);
				PRODUCT_BUNDLE_IDENTIFIER = "com.facebook.REACT.nizamiRN-tvOSTests";
				PRODUCT_NAME = "$(TARGET_NAME)";
				SDKROOT = appletvos;
				TEST_HOST = "$(BUILT_PRODUCTS_DIR)/nizamiRN-tvOS.app/nizamiRN-tvOS";
				TVOS_DEPLOYMENT_TARGET = 10.1;
				LIBRARY_SEARCH_PATHS = (
					"$(inherited)",
				);
				HEADER_SEARCH_PATHS = (
					"$(inherited)",
				);
			};
			name = Debug;
		};
		2D02E49A1E0B4A5E006451C7 /* Release */ = {
			isa = XCBuildConfiguration;
			buildSettings = {
				BUNDLE_LOADER = "$(TEST_HOST)";
				CLANG_ANALYZER_NONNULL = YES;
				CLANG_WARN_DOCUMENTATION_COMMENTS = YES;
				CLANG_WARN_INFINITE_RECURSION = YES;
				CLANG_WARN_SUSPICIOUS_MOVE = YES;
				COPY_PHASE_STRIP = NO;
				DEBUG_INFORMATION_FORMAT = "dwarf-with-dsym";
				GCC_NO_COMMON_BLOCKS = YES;
				INFOPLIST_FILE = "nizamiRN-tvOSTests/Info.plist";
				LD_RUNPATH_SEARCH_PATHS = "$(inherited) @executable_path/Frameworks @loader_path/Frameworks";
				OTHER_LDFLAGS = (
					"-ObjC",
					"-lc++",
				);
				PRODUCT_BUNDLE_IDENTIFIER = "com.facebook.REACT.nizamiRN-tvOSTests";
				PRODUCT_NAME = "$(TARGET_NAME)";
				SDKROOT = appletvos;
				TEST_HOST = "$(BUILT_PRODUCTS_DIR)/nizamiRN-tvOS.app/nizamiRN-tvOS";
				TVOS_DEPLOYMENT_TARGET = 10.1;
				LIBRARY_SEARCH_PATHS = (
					"$(inherited)",
				);
				HEADER_SEARCH_PATHS = (
					"$(inherited)",
				);
			};
			name = Release;
		};
		83CBBA201A601CBA00E9B192 /* Debug */ = {
			isa = XCBuildConfiguration;
			buildSettings = {
				ALWAYS_SEARCH_USER_PATHS = NO;
				CLANG_CXX_LANGUAGE_STANDARD = "gnu++0x";
				CLANG_CXX_LIBRARY = "libc++";
				CLANG_ENABLE_MODULES = YES;
				CLANG_ENABLE_OBJC_ARC = YES;
				CLANG_WARN_BOOL_CONVERSION = YES;
				CLANG_WARN_CONSTANT_CONVERSION = YES;
				CLANG_WARN_DIRECT_OBJC_ISA_USAGE = YES_ERROR;
				CLANG_WARN_EMPTY_BODY = YES;
				CLANG_WARN_ENUM_CONVERSION = YES;
				CLANG_WARN_INT_CONVERSION = YES;
				CLANG_WARN_OBJC_ROOT_CLASS = YES_ERROR;
				CLANG_WARN_UNREACHABLE_CODE = YES;
				CLANG_WARN__DUPLICATE_METHOD_MATCH = YES;
				"CODE_SIGN_IDENTITY[sdk=iphoneos*]" = "iPhone Developer";
				COPY_PHASE_STRIP = NO;
				ENABLE_STRICT_OBJC_MSGSEND = YES;
				GCC_C_LANGUAGE_STANDARD = gnu99;
				GCC_DYNAMIC_NO_PIC = NO;
				GCC_OPTIMIZATION_LEVEL = 0;
				GCC_PREPROCESSOR_DEFINITIONS = (
					"DEBUG=1",
					"$(inherited)",
				);
				GCC_SYMBOLS_PRIVATE_EXTERN = NO;
				GCC_WARN_64_TO_32_BIT_CONVERSION = YES;
				GCC_WARN_ABOUT_RETURN_TYPE = YES_ERROR;
				GCC_WARN_UNDECLARED_SELECTOR = YES;
				GCC_WARN_UNINITIALIZED_AUTOS = YES_AGGRESSIVE;
				GCC_WARN_UNUSED_FUNCTION = YES;
				GCC_WARN_UNUSED_VARIABLE = YES;
				IPHONEOS_DEPLOYMENT_TARGET = 9.0;
				MTL_ENABLE_DEBUG_INFO = YES;
				ONLY_ACTIVE_ARCH = YES;
				SDKROOT = iphoneos;
			};
			name = Debug;
		};
		83CBBA211A601CBA00E9B192 /* Release */ = {
			isa = XCBuildConfiguration;
			buildSettings = {
				ALWAYS_SEARCH_USER_PATHS = NO;
				CLANG_CXX_LANGUAGE_STANDARD = "gnu++0x";
				CLANG_CXX_LIBRARY = "libc++";
				CLANG_ENABLE_MODULES = YES;
				CLANG_ENABLE_OBJC_ARC = YES;
				CLANG_WARN_BOOL_CONVERSION = YES;
				CLANG_WARN_CONSTANT_CONVERSION = YES;
				CLANG_WARN_DIRECT_OBJC_ISA_USAGE = YES_ERROR;
				CLANG_WARN_EMPTY_BODY = YES;
				CLANG_WARN_ENUM_CONVERSION = YES;
				CLANG_WARN_INT_CONVERSION = YES;
				CLANG_WARN_OBJC_ROOT_CLASS = YES_ERROR;
				CLANG_WARN_UNREACHABLE_CODE = YES;
				CLANG_WARN__DUPLICATE_METHOD_MATCH = YES;
				"CODE_SIGN_IDENTITY[sdk=iphoneos*]" = "iPhone Developer";
				COPY_PHASE_STRIP = YES;
				ENABLE_NS_ASSERTIONS = NO;
				ENABLE_STRICT_OBJC_MSGSEND = YES;
				GCC_C_LANGUAGE_STANDARD = gnu99;
				GCC_WARN_64_TO_32_BIT_CONVERSION = YES;
				GCC_WARN_ABOUT_RETURN_TYPE = YES_ERROR;
				GCC_WARN_UNDECLARED_SELECTOR = YES;
				GCC_WARN_UNINITIALIZED_AUTOS = YES_AGGRESSIVE;
				GCC_WARN_UNUSED_FUNCTION = YES;
				GCC_WARN_UNUSED_VARIABLE = YES;
				IPHONEOS_DEPLOYMENT_TARGET = 9.0;
				MTL_ENABLE_DEBUG_INFO = NO;
				SDKROOT = iphoneos;
				VALIDATE_PRODUCT = YES;
			};
			name = Release;
		};
/* End XCBuildConfiguration section */

/* Begin XCConfigurationList section */
		00E357021AD99517003FC87E /* Build configuration list for PBXNativeTarget "nizamiRNTests" */ = {
			isa = XCConfigurationList;
			buildConfigurations = (
				00E356F61AD99517003FC87E /* Debug */,
				00E356F71AD99517003FC87E /* Release */,
			);
			defaultConfigurationIsVisible = 0;
			defaultConfigurationName = Release;
		};
		13B07F931A680F5B00A75B9A /* Build configuration list for PBXNativeTarget "nizamiRN" */ = {
			isa = XCConfigurationList;
			buildConfigurations = (
				13B07F941A680F5B00A75B9A /* Debug */,
				13B07F951A680F5B00A75B9A /* Release */,
			);
			defaultConfigurationIsVisible = 0;
			defaultConfigurationName = Release;
		};
		2D02E4BA1E0B4A5E006451C7 /* Build configuration list for PBXNativeTarget "nizamiRN-tvOS" */ = {
			isa = XCConfigurationList;
			buildConfigurations = (
				2D02E4971E0B4A5E006451C7 /* Debug */,
				2D02E4981E0B4A5E006451C7 /* Release */,
			);
			defaultConfigurationIsVisible = 0;
			defaultConfigurationName = Release;
		};
		2D02E4BB1E0B4A5E006451C7 /* Build configuration list for PBXNativeTarget "nizamiRN-tvOSTests" */ = {
			isa = XCConfigurationList;
			buildConfigurations = (
				2D02E4991E0B4A5E006451C7 /* Debug */,
				2D02E49A1E0B4A5E006451C7 /* Release */,
			);
			defaultConfigurationIsVisible = 0;
			defaultConfigurationName = Release;
		};
		83CBB9FA1A601CBA00E9B192 /* Build configuration list for PBXProject "nizamiRN" */ = {
			isa = XCConfigurationList;
			buildConfigurations = (
				83CBBA201A601CBA00E9B192 /* Debug */,
				83CBBA211A601CBA00E9B192 /* Release */,
			);
			defaultConfigurationIsVisible = 0;
			defaultConfigurationName = Release;
		};
/* End XCConfigurationList section */
	};
	rootObject = 83CBB9F71A601CBA00E9B192 /* Project object */;
}
